
Microsoft Visual Studio Solution File, Format Version 12.00
# Visual Studio 2012
Project("{8BC9CEB8-8B4A-11D0-8D11-00A0C91BC942}") = "OysterGraphics", "OysterGraphics\OysterGraphics.vcxproj", "{0EC83E64-230E-48EF-B08C-6AC9651B4F82}"
EndProject
Project("{8BC9CEB8-8B4A-11D0-8D11-00A0C91BC942}") = "OysterMath", "OysterMath\OysterMath.vcxproj", "{F10CBC03-9809-4CBA-95D8-327C287B18EE}"
EndProject
Project("{8BC9CEB8-8B4A-11D0-8D11-00A0C91BC942}") = "OysterPhysics3D", "OysterPhysics3D\OysterPhysics3D.vcxproj", "{4285BD3F-3C6C-4670-B7AF-A29AFEF5F6A8}"
EndProject
Project("{8BC9CEB8-8B4A-11D0-8D11-00A0C91BC942}") = "Sound", "Sound\Sound.vcxproj", "{34D6295A-00DD-4B1A-8258-97DA2818EC26}"
EndProject
Project("{8BC9CEB8-8B4A-11D0-8D11-00A0C91BC942}") = "WindowManager", "WindowManager\WindowManager.vcxproj", "{35AEA3C0-E0A7-4E1E-88CD-514AA5A442B1}"
EndProject
Project("{8BC9CEB8-8B4A-11D0-8D11-00A0C91BC942}") = "Input", "Input\Input.vcxproj", "{7E3990D2-3D94-465C-B58D-64A74B3ECF9B}"
EndProject
Project("{8BC9CEB8-8B4A-11D0-8D11-00A0C91BC942}") = "Misc", "Misc\Misc.vcxproj", "{2EC4DDED-8F75-4C86-A10B-E1E8EB29F3EE}"
EndProject
Project("{2150E333-8FDC-42A3-9474-1A3956D46DE8}") = "Network", "Network", "{C27B926E-B3EF-4990-8822-47580E43A0BE}"
EndProject
Project("{8BC9CEB8-8B4A-11D0-8D11-00A0C91BC942}") = "OysterNetworkClient", "Network\OysterNetworkClient\OysterNetworkClient.vcxproj", "{838B25C2-D19E-49FE-8CB0-9A977CA3C7E8}"
EndProject
Project("{8BC9CEB8-8B4A-11D0-8D11-00A0C91BC942}") = "OysterNetworkServer", "Network\OysterNetworkServer\OysterNetworkServer.vcxproj", "{6A066806-F43F-4B31-A4E3-57179674F460}"
EndProject
Project("{8BC9CEB8-8B4A-11D0-8D11-00A0C91BC942}") = "NetworkDependencies", "Network\NetworkDependencies\NetworkDependencies.vcxproj", "{C5AA09D0-6594-4CD3-BD92-1D380C7B3B50}"
EndProject
Project("{8BC9CEB8-8B4A-11D0-8D11-00A0C91BC942}") = "GamePhysics", "GamePhysics\GamePhysics.vcxproj", "{104FA3E9-94D9-4E1D-A941-28A03BC8A095}"
EndProject
Project("{8BC9CEB8-8B4A-11D0-8D11-00A0C91BC942}") = "DanBiasGame", "Game\DanBiasGame\DanBiasGame.vcxproj", "{2A1BC987-AF42-4500-802D-89CD32FC1309}"
EndProject
Project("{2150E333-8FDC-42A3-9474-1A3956D46DE8}") = "Game", "Game", "{20720CA7-795C-45AD-A302-9383A6DD503A}"
EndProject
Project("{8BC9CEB8-8B4A-11D0-8D11-00A0C91BC942}") = "GameLogic", "Game\GameLogic\GameLogic.vcxproj", "{B1195BB9-B3A5-47F0-906C-8DEA384D1520}"
EndProject
Project("{8BC9CEB8-8B4A-11D0-8D11-00A0C91BC942}") = "DanBiasLauncher", "Game\DanBiasLauncher\DanBiasLauncher.vcxproj", "{8690FDDF-C5B7-4C42-A337-BD5243F29B85}"
EndProject
Project("{8BC9CEB8-8B4A-11D0-8D11-00A0C91BC942}") = "NetworkAPI", "Network\NetworkAPI\NetworkAPI.vcxproj", "{460D625F-2AC9-4559-B809-0BA89CEAEDF4}"
EndProject
Project("{8BC9CEB8-8B4A-11D0-8D11-00A0C91BC942}") = "GameProtocols", "Game\GameProtocols\GameProtocols.vcxproj", "{DA2AA800-ED64-4649-8B3B-E7F1E3968B78}"
EndProject
Project("{8BC9CEB8-8B4A-11D0-8D11-00A0C91BC942}") = "GameServer", "Game\GameServer\GameServer.vcxproj", "{143BD516-20A1-4890-A3E4-F8BFD02220E7}"
EndProject
Global
	GlobalSection(SolutionConfigurationPlatforms) = preSolution
		Debug|Mixed Platforms = Debug|Mixed Platforms
		Debug|Win32 = Debug|Win32
		Debug|x64 = Debug|x64
		Release|Mixed Platforms = Release|Mixed Platforms
		Release|Win32 = Release|Win32
		Release|x64 = Release|x64
	EndGlobalSection
	GlobalSection(ProjectConfigurationPlatforms) = postSolution
		{0EC83E64-230E-48EF-B08C-6AC9651B4F82}.Debug|Mixed Platforms.ActiveCfg = Debug|Win32
		{0EC83E64-230E-48EF-B08C-6AC9651B4F82}.Debug|Mixed Platforms.Build.0 = Debug|Win32
		{0EC83E64-230E-48EF-B08C-6AC9651B4F82}.Debug|Win32.ActiveCfg = Debug|Win32
		{0EC83E64-230E-48EF-B08C-6AC9651B4F82}.Debug|Win32.Build.0 = Debug|Win32
		{0EC83E64-230E-48EF-B08C-6AC9651B4F82}.Debug|x64.ActiveCfg = Debug|x64
		{0EC83E64-230E-48EF-B08C-6AC9651B4F82}.Debug|x64.Build.0 = Debug|x64
		{0EC83E64-230E-48EF-B08C-6AC9651B4F82}.Release|Mixed Platforms.ActiveCfg = Release|Win32
		{0EC83E64-230E-48EF-B08C-6AC9651B4F82}.Release|Mixed Platforms.Build.0 = Release|Win32
		{0EC83E64-230E-48EF-B08C-6AC9651B4F82}.Release|Win32.ActiveCfg = Release|Win32
		{0EC83E64-230E-48EF-B08C-6AC9651B4F82}.Release|Win32.Build.0 = Release|Win32
		{0EC83E64-230E-48EF-B08C-6AC9651B4F82}.Release|x64.ActiveCfg = Release|x64
		{0EC83E64-230E-48EF-B08C-6AC9651B4F82}.Release|x64.Build.0 = Release|x64
		{F10CBC03-9809-4CBA-95D8-327C287B18EE}.Debug|Mixed Platforms.ActiveCfg = Debug|Win32
		{F10CBC03-9809-4CBA-95D8-327C287B18EE}.Debug|Mixed Platforms.Build.0 = Debug|Win32
		{F10CBC03-9809-4CBA-95D8-327C287B18EE}.Debug|Win32.ActiveCfg = Debug|Win32
		{F10CBC03-9809-4CBA-95D8-327C287B18EE}.Debug|Win32.Build.0 = Debug|Win32
		{F10CBC03-9809-4CBA-95D8-327C287B18EE}.Debug|x64.ActiveCfg = Debug|x64
		{F10CBC03-9809-4CBA-95D8-327C287B18EE}.Debug|x64.Build.0 = Debug|x64
		{F10CBC03-9809-4CBA-95D8-327C287B18EE}.Release|Mixed Platforms.ActiveCfg = Release|Win32
		{F10CBC03-9809-4CBA-95D8-327C287B18EE}.Release|Mixed Platforms.Build.0 = Release|Win32
		{F10CBC03-9809-4CBA-95D8-327C287B18EE}.Release|Win32.ActiveCfg = Release|Win32
		{F10CBC03-9809-4CBA-95D8-327C287B18EE}.Release|Win32.Build.0 = Release|Win32
		{F10CBC03-9809-4CBA-95D8-327C287B18EE}.Release|x64.ActiveCfg = Release|x64
		{F10CBC03-9809-4CBA-95D8-327C287B18EE}.Release|x64.Build.0 = Release|x64
		{4285BD3F-3C6C-4670-B7AF-A29AFEF5F6A8}.Debug|Mixed Platforms.ActiveCfg = Debug|Win32
		{4285BD3F-3C6C-4670-B7AF-A29AFEF5F6A8}.Debug|Mixed Platforms.Build.0 = Debug|Win32
		{4285BD3F-3C6C-4670-B7AF-A29AFEF5F6A8}.Debug|Win32.ActiveCfg = Debug|Win32
		{4285BD3F-3C6C-4670-B7AF-A29AFEF5F6A8}.Debug|Win32.Build.0 = Debug|Win32
		{4285BD3F-3C6C-4670-B7AF-A29AFEF5F6A8}.Debug|x64.ActiveCfg = Debug|x64
		{4285BD3F-3C6C-4670-B7AF-A29AFEF5F6A8}.Debug|x64.Build.0 = Debug|x64
		{4285BD3F-3C6C-4670-B7AF-A29AFEF5F6A8}.Release|Mixed Platforms.ActiveCfg = Release|Win32
		{4285BD3F-3C6C-4670-B7AF-A29AFEF5F6A8}.Release|Mixed Platforms.Build.0 = Release|Win32
		{4285BD3F-3C6C-4670-B7AF-A29AFEF5F6A8}.Release|Win32.ActiveCfg = Release|Win32
		{4285BD3F-3C6C-4670-B7AF-A29AFEF5F6A8}.Release|Win32.Build.0 = Release|Win32
		{4285BD3F-3C6C-4670-B7AF-A29AFEF5F6A8}.Release|x64.ActiveCfg = Release|x64
		{4285BD3F-3C6C-4670-B7AF-A29AFEF5F6A8}.Release|x64.Build.0 = Release|x64
		{34D6295A-00DD-4B1A-8258-97DA2818EC26}.Debug|Mixed Platforms.ActiveCfg = Debug|Win32
		{34D6295A-00DD-4B1A-8258-97DA2818EC26}.Debug|Mixed Platforms.Build.0 = Debug|Win32
		{34D6295A-00DD-4B1A-8258-97DA2818EC26}.Debug|Win32.ActiveCfg = Debug|Win32
		{34D6295A-00DD-4B1A-8258-97DA2818EC26}.Debug|Win32.Build.0 = Debug|Win32
		{34D6295A-00DD-4B1A-8258-97DA2818EC26}.Debug|x64.ActiveCfg = Debug|x64
		{34D6295A-00DD-4B1A-8258-97DA2818EC26}.Debug|x64.Build.0 = Debug|x64
		{34D6295A-00DD-4B1A-8258-97DA2818EC26}.Release|Mixed Platforms.ActiveCfg = Release|Win32
		{34D6295A-00DD-4B1A-8258-97DA2818EC26}.Release|Mixed Platforms.Build.0 = Release|Win32
		{34D6295A-00DD-4B1A-8258-97DA2818EC26}.Release|Win32.ActiveCfg = Release|Win32
		{34D6295A-00DD-4B1A-8258-97DA2818EC26}.Release|Win32.Build.0 = Release|Win32
		{34D6295A-00DD-4B1A-8258-97DA2818EC26}.Release|x64.ActiveCfg = Release|x64
		{34D6295A-00DD-4B1A-8258-97DA2818EC26}.Release|x64.Build.0 = Release|x64
		{35AEA3C0-E0A7-4E1E-88CD-514AA5A442B1}.Debug|Mixed Platforms.ActiveCfg = Debug|Win32
		{35AEA3C0-E0A7-4E1E-88CD-514AA5A442B1}.Debug|Mixed Platforms.Build.0 = Debug|Win32
		{35AEA3C0-E0A7-4E1E-88CD-514AA5A442B1}.Debug|Win32.ActiveCfg = Debug|Win32
		{35AEA3C0-E0A7-4E1E-88CD-514AA5A442B1}.Debug|Win32.Build.0 = Debug|Win32
		{35AEA3C0-E0A7-4E1E-88CD-514AA5A442B1}.Debug|x64.ActiveCfg = Debug|x64
		{35AEA3C0-E0A7-4E1E-88CD-514AA5A442B1}.Debug|x64.Build.0 = Debug|x64
		{35AEA3C0-E0A7-4E1E-88CD-514AA5A442B1}.Release|Mixed Platforms.ActiveCfg = Release|Win32
		{35AEA3C0-E0A7-4E1E-88CD-514AA5A442B1}.Release|Mixed Platforms.Build.0 = Release|Win32
		{35AEA3C0-E0A7-4E1E-88CD-514AA5A442B1}.Release|Win32.ActiveCfg = Release|Win32
		{35AEA3C0-E0A7-4E1E-88CD-514AA5A442B1}.Release|Win32.Build.0 = Release|Win32
		{35AEA3C0-E0A7-4E1E-88CD-514AA5A442B1}.Release|x64.ActiveCfg = Release|x64
		{35AEA3C0-E0A7-4E1E-88CD-514AA5A442B1}.Release|x64.Build.0 = Release|x64
		{7E3990D2-3D94-465C-B58D-64A74B3ECF9B}.Debug|Mixed Platforms.ActiveCfg = Debug|Win32
		{7E3990D2-3D94-465C-B58D-64A74B3ECF9B}.Debug|Mixed Platforms.Build.0 = Debug|Win32
		{7E3990D2-3D94-465C-B58D-64A74B3ECF9B}.Debug|Win32.ActiveCfg = Debug|Win32
		{7E3990D2-3D94-465C-B58D-64A74B3ECF9B}.Debug|Win32.Build.0 = Debug|Win32
		{7E3990D2-3D94-465C-B58D-64A74B3ECF9B}.Debug|x64.ActiveCfg = Debug|x64
		{7E3990D2-3D94-465C-B58D-64A74B3ECF9B}.Debug|x64.Build.0 = Debug|x64
		{7E3990D2-3D94-465C-B58D-64A74B3ECF9B}.Release|Mixed Platforms.ActiveCfg = Release|Win32
		{7E3990D2-3D94-465C-B58D-64A74B3ECF9B}.Release|Mixed Platforms.Build.0 = Release|Win32
		{7E3990D2-3D94-465C-B58D-64A74B3ECF9B}.Release|Win32.ActiveCfg = Release|Win32
		{7E3990D2-3D94-465C-B58D-64A74B3ECF9B}.Release|Win32.Build.0 = Release|Win32
		{7E3990D2-3D94-465C-B58D-64A74B3ECF9B}.Release|x64.ActiveCfg = Release|x64
		{7E3990D2-3D94-465C-B58D-64A74B3ECF9B}.Release|x64.Build.0 = Release|x64
		{2EC4DDED-8F75-4C86-A10B-E1E8EB29F3EE}.Debug|Mixed Platforms.ActiveCfg = Debug|Win32
		{2EC4DDED-8F75-4C86-A10B-E1E8EB29F3EE}.Debug|Mixed Platforms.Build.0 = Debug|Win32
		{2EC4DDED-8F75-4C86-A10B-E1E8EB29F3EE}.Debug|Win32.ActiveCfg = Debug|Win32
		{2EC4DDED-8F75-4C86-A10B-E1E8EB29F3EE}.Debug|Win32.Build.0 = Debug|Win32
		{2EC4DDED-8F75-4C86-A10B-E1E8EB29F3EE}.Debug|x64.ActiveCfg = Debug|x64
		{2EC4DDED-8F75-4C86-A10B-E1E8EB29F3EE}.Debug|x64.Build.0 = Debug|x64
		{2EC4DDED-8F75-4C86-A10B-E1E8EB29F3EE}.Release|Mixed Platforms.ActiveCfg = Release|Win32
		{2EC4DDED-8F75-4C86-A10B-E1E8EB29F3EE}.Release|Mixed Platforms.Build.0 = Release|Win32
		{2EC4DDED-8F75-4C86-A10B-E1E8EB29F3EE}.Release|Win32.ActiveCfg = Release|Win32
		{2EC4DDED-8F75-4C86-A10B-E1E8EB29F3EE}.Release|Win32.Build.0 = Release|Win32
		{2EC4DDED-8F75-4C86-A10B-E1E8EB29F3EE}.Release|x64.ActiveCfg = Release|x64
		{2EC4DDED-8F75-4C86-A10B-E1E8EB29F3EE}.Release|x64.Build.0 = Release|x64
		{838B25C2-D19E-49FE-8CB0-9A977CA3C7E8}.Debug|Mixed Platforms.ActiveCfg = Debug|Win32
		{838B25C2-D19E-49FE-8CB0-9A977CA3C7E8}.Debug|Mixed Platforms.Build.0 = Debug|Win32
		{838B25C2-D19E-49FE-8CB0-9A977CA3C7E8}.Debug|Win32.ActiveCfg = Debug|Win32
		{838B25C2-D19E-49FE-8CB0-9A977CA3C7E8}.Debug|Win32.Build.0 = Debug|Win32
		{838B25C2-D19E-49FE-8CB0-9A977CA3C7E8}.Debug|x64.ActiveCfg = Debug|x64
		{838B25C2-D19E-49FE-8CB0-9A977CA3C7E8}.Debug|x64.Build.0 = Debug|x64
		{838B25C2-D19E-49FE-8CB0-9A977CA3C7E8}.Release|Mixed Platforms.ActiveCfg = Release|Win32
		{838B25C2-D19E-49FE-8CB0-9A977CA3C7E8}.Release|Mixed Platforms.Build.0 = Release|Win32
		{838B25C2-D19E-49FE-8CB0-9A977CA3C7E8}.Release|Win32.ActiveCfg = Release|Win32
		{838B25C2-D19E-49FE-8CB0-9A977CA3C7E8}.Release|Win32.Build.0 = Release|Win32
		{838B25C2-D19E-49FE-8CB0-9A977CA3C7E8}.Release|x64.ActiveCfg = Release|x64
		{838B25C2-D19E-49FE-8CB0-9A977CA3C7E8}.Release|x64.Build.0 = Release|x64
		{6A066806-F43F-4B31-A4E3-57179674F460}.Debug|Mixed Platforms.ActiveCfg = Debug|Win32
		{6A066806-F43F-4B31-A4E3-57179674F460}.Debug|Mixed Platforms.Build.0 = Debug|Win32
		{6A066806-F43F-4B31-A4E3-57179674F460}.Debug|Win32.ActiveCfg = Debug|Win32
		{6A066806-F43F-4B31-A4E3-57179674F460}.Debug|Win32.Build.0 = Debug|Win32
		{6A066806-F43F-4B31-A4E3-57179674F460}.Debug|x64.ActiveCfg = Debug|x64
		{6A066806-F43F-4B31-A4E3-57179674F460}.Debug|x64.Build.0 = Debug|x64
		{6A066806-F43F-4B31-A4E3-57179674F460}.Release|Mixed Platforms.ActiveCfg = Release|Win32
		{6A066806-F43F-4B31-A4E3-57179674F460}.Release|Mixed Platforms.Build.0 = Release|Win32
		{6A066806-F43F-4B31-A4E3-57179674F460}.Release|Win32.ActiveCfg = Release|Win32
		{6A066806-F43F-4B31-A4E3-57179674F460}.Release|Win32.Build.0 = Release|Win32
		{6A066806-F43F-4B31-A4E3-57179674F460}.Release|x64.ActiveCfg = Release|x64
		{6A066806-F43F-4B31-A4E3-57179674F460}.Release|x64.Build.0 = Release|x64
		{C5AA09D0-6594-4CD3-BD92-1D380C7B3B50}.Debug|Mixed Platforms.ActiveCfg = Debug|Win32
		{C5AA09D0-6594-4CD3-BD92-1D380C7B3B50}.Debug|Mixed Platforms.Build.0 = Debug|Win32
		{C5AA09D0-6594-4CD3-BD92-1D380C7B3B50}.Debug|Win32.ActiveCfg = Debug|Win32
		{C5AA09D0-6594-4CD3-BD92-1D380C7B3B50}.Debug|Win32.Build.0 = Debug|Win32
		{C5AA09D0-6594-4CD3-BD92-1D380C7B3B50}.Debug|x64.ActiveCfg = Debug|x64
		{C5AA09D0-6594-4CD3-BD92-1D380C7B3B50}.Debug|x64.Build.0 = Debug|x64
		{C5AA09D0-6594-4CD3-BD92-1D380C7B3B50}.Release|Mixed Platforms.ActiveCfg = Release|Win32
		{C5AA09D0-6594-4CD3-BD92-1D380C7B3B50}.Release|Mixed Platforms.Build.0 = Release|Win32
		{C5AA09D0-6594-4CD3-BD92-1D380C7B3B50}.Release|Win32.ActiveCfg = Release|Win32
		{C5AA09D0-6594-4CD3-BD92-1D380C7B3B50}.Release|Win32.Build.0 = Release|Win32
		{C5AA09D0-6594-4CD3-BD92-1D380C7B3B50}.Release|x64.ActiveCfg = Release|x64
		{C5AA09D0-6594-4CD3-BD92-1D380C7B3B50}.Release|x64.Build.0 = Release|x64
		{104FA3E9-94D9-4E1D-A941-28A03BC8A095}.Debug|Mixed Platforms.ActiveCfg = Debug|Win32
		{104FA3E9-94D9-4E1D-A941-28A03BC8A095}.Debug|Mixed Platforms.Build.0 = Debug|Win32
		{104FA3E9-94D9-4E1D-A941-28A03BC8A095}.Debug|Win32.ActiveCfg = Debug|Win32
		{104FA3E9-94D9-4E1D-A941-28A03BC8A095}.Debug|Win32.Build.0 = Debug|Win32
		{104FA3E9-94D9-4E1D-A941-28A03BC8A095}.Debug|x64.ActiveCfg = Debug|x64
		{104FA3E9-94D9-4E1D-A941-28A03BC8A095}.Debug|x64.Build.0 = Debug|x64
		{104FA3E9-94D9-4E1D-A941-28A03BC8A095}.Release|Mixed Platforms.ActiveCfg = Release|Win32
		{104FA3E9-94D9-4E1D-A941-28A03BC8A095}.Release|Mixed Platforms.Build.0 = Release|Win32
		{104FA3E9-94D9-4E1D-A941-28A03BC8A095}.Release|Win32.ActiveCfg = Release|Win32
		{104FA3E9-94D9-4E1D-A941-28A03BC8A095}.Release|Win32.Build.0 = Release|Win32
		{104FA3E9-94D9-4E1D-A941-28A03BC8A095}.Release|x64.ActiveCfg = Release|x64
		{104FA3E9-94D9-4E1D-A941-28A03BC8A095}.Release|x64.Build.0 = Release|x64
		{2A1BC987-AF42-4500-802D-89CD32FC1309}.Debug|Mixed Platforms.ActiveCfg = Debug|Win32
		{2A1BC987-AF42-4500-802D-89CD32FC1309}.Debug|Mixed Platforms.Build.0 = Debug|Win32
		{2A1BC987-AF42-4500-802D-89CD32FC1309}.Debug|Win32.ActiveCfg = Debug|Win32
		{2A1BC987-AF42-4500-802D-89CD32FC1309}.Debug|Win32.Build.0 = Debug|Win32
		{2A1BC987-AF42-4500-802D-89CD32FC1309}.Debug|x64.ActiveCfg = Debug|x64
		{2A1BC987-AF42-4500-802D-89CD32FC1309}.Debug|x64.Build.0 = Debug|x64
		{2A1BC987-AF42-4500-802D-89CD32FC1309}.Release|Mixed Platforms.ActiveCfg = Release|Win32
		{2A1BC987-AF42-4500-802D-89CD32FC1309}.Release|Mixed Platforms.Build.0 = Release|Win32
		{2A1BC987-AF42-4500-802D-89CD32FC1309}.Release|Win32.ActiveCfg = Release|Win32
		{2A1BC987-AF42-4500-802D-89CD32FC1309}.Release|Win32.Build.0 = Release|Win32
		{2A1BC987-AF42-4500-802D-89CD32FC1309}.Release|x64.ActiveCfg = Release|x64
		{2A1BC987-AF42-4500-802D-89CD32FC1309}.Release|x64.Build.0 = Release|x64
		{B1195BB9-B3A5-47F0-906C-8DEA384D1520}.Debug|Mixed Platforms.ActiveCfg = Debug|Win32
		{B1195BB9-B3A5-47F0-906C-8DEA384D1520}.Debug|Mixed Platforms.Build.0 = Debug|Win32
		{B1195BB9-B3A5-47F0-906C-8DEA384D1520}.Debug|Win32.ActiveCfg = Debug|Win32
		{B1195BB9-B3A5-47F0-906C-8DEA384D1520}.Debug|Win32.Build.0 = Debug|Win32
		{B1195BB9-B3A5-47F0-906C-8DEA384D1520}.Debug|x64.ActiveCfg = Debug|x64
		{B1195BB9-B3A5-47F0-906C-8DEA384D1520}.Debug|x64.Build.0 = Debug|x64
		{B1195BB9-B3A5-47F0-906C-8DEA384D1520}.Release|Mixed Platforms.ActiveCfg = Release|Win32
		{B1195BB9-B3A5-47F0-906C-8DEA384D1520}.Release|Mixed Platforms.Build.0 = Release|Win32
		{B1195BB9-B3A5-47F0-906C-8DEA384D1520}.Release|Win32.ActiveCfg = Release|Win32
		{B1195BB9-B3A5-47F0-906C-8DEA384D1520}.Release|Win32.Build.0 = Release|Win32
		{B1195BB9-B3A5-47F0-906C-8DEA384D1520}.Release|x64.ActiveCfg = Release|x64
		{B1195BB9-B3A5-47F0-906C-8DEA384D1520}.Release|x64.Build.0 = Release|x64
		{8690FDDF-C5B7-4C42-A337-BD5243F29B85}.Debug|Mixed Platforms.ActiveCfg = Debug|Win32
		{8690FDDF-C5B7-4C42-A337-BD5243F29B85}.Debug|Mixed Platforms.Build.0 = Debug|Win32
		{8690FDDF-C5B7-4C42-A337-BD5243F29B85}.Debug|Win32.ActiveCfg = Debug|Win32
		{8690FDDF-C5B7-4C42-A337-BD5243F29B85}.Debug|Win32.Build.0 = Debug|Win32
		{8690FDDF-C5B7-4C42-A337-BD5243F29B85}.Debug|x64.ActiveCfg = Debug|x64
		{8690FDDF-C5B7-4C42-A337-BD5243F29B85}.Debug|x64.Build.0 = Debug|x64
		{8690FDDF-C5B7-4C42-A337-BD5243F29B85}.Release|Mixed Platforms.ActiveCfg = Release|Win32
		{8690FDDF-C5B7-4C42-A337-BD5243F29B85}.Release|Mixed Platforms.Build.0 = Release|Win32
		{8690FDDF-C5B7-4C42-A337-BD5243F29B85}.Release|Win32.ActiveCfg = Release|Win32
		{8690FDDF-C5B7-4C42-A337-BD5243F29B85}.Release|Win32.Build.0 = Release|Win32
		{8690FDDF-C5B7-4C42-A337-BD5243F29B85}.Release|x64.ActiveCfg = Release|x64
		{8690FDDF-C5B7-4C42-A337-BD5243F29B85}.Release|x64.Build.0 = Release|x64
		{460D625F-2AC9-4559-B809-0BA89CEAEDF4}.Debug|Mixed Platforms.ActiveCfg = Debug|Win32
		{460D625F-2AC9-4559-B809-0BA89CEAEDF4}.Debug|Mixed Platforms.Build.0 = Debug|Win32
		{460D625F-2AC9-4559-B809-0BA89CEAEDF4}.Debug|Win32.ActiveCfg = Debug|Win32
		{460D625F-2AC9-4559-B809-0BA89CEAEDF4}.Debug|Win32.Build.0 = Debug|Win32
		{460D625F-2AC9-4559-B809-0BA89CEAEDF4}.Debug|x64.ActiveCfg = Debug|x64
		{460D625F-2AC9-4559-B809-0BA89CEAEDF4}.Debug|x64.Build.0 = Debug|x64
		{460D625F-2AC9-4559-B809-0BA89CEAEDF4}.Release|Mixed Platforms.ActiveCfg = Release|Win32
		{460D625F-2AC9-4559-B809-0BA89CEAEDF4}.Release|Mixed Platforms.Build.0 = Release|Win32
		{460D625F-2AC9-4559-B809-0BA89CEAEDF4}.Release|Win32.ActiveCfg = Release|Win32
		{460D625F-2AC9-4559-B809-0BA89CEAEDF4}.Release|Win32.Build.0 = Release|Win32
		{460D625F-2AC9-4559-B809-0BA89CEAEDF4}.Release|x64.ActiveCfg = Release|x64
		{460D625F-2AC9-4559-B809-0BA89CEAEDF4}.Release|x64.Build.0 = Release|x64
		{DA2AA800-ED64-4649-8B3B-E7F1E3968B78}.Debug|Mixed Platforms.ActiveCfg = Debug|Win32
		{DA2AA800-ED64-4649-8B3B-E7F1E3968B78}.Debug|Mixed Platforms.Build.0 = Debug|Win32
		{DA2AA800-ED64-4649-8B3B-E7F1E3968B78}.Debug|Win32.ActiveCfg = Debug|Win32
		{DA2AA800-ED64-4649-8B3B-E7F1E3968B78}.Debug|Win32.Build.0 = Debug|Win32
		{DA2AA800-ED64-4649-8B3B-E7F1E3968B78}.Debug|x64.ActiveCfg = Debug|x64
		{DA2AA800-ED64-4649-8B3B-E7F1E3968B78}.Debug|x64.Build.0 = Debug|x64
		{DA2AA800-ED64-4649-8B3B-E7F1E3968B78}.Release|Mixed Platforms.ActiveCfg = Release|Win32
		{DA2AA800-ED64-4649-8B3B-E7F1E3968B78}.Release|Mixed Platforms.Build.0 = Release|Win32
		{DA2AA800-ED64-4649-8B3B-E7F1E3968B78}.Release|Win32.ActiveCfg = Release|Win32
		{DA2AA800-ED64-4649-8B3B-E7F1E3968B78}.Release|Win32.Build.0 = Release|Win32
		{DA2AA800-ED64-4649-8B3B-E7F1E3968B78}.Release|x64.ActiveCfg = Release|x64
		{DA2AA800-ED64-4649-8B3B-E7F1E3968B78}.Release|x64.Build.0 = Release|x64
		{143BD516-20A1-4890-A3E4-F8BFD02220E7}.Debug|Mixed Platforms.ActiveCfg = Debug|Win32
		{143BD516-20A1-4890-A3E4-F8BFD02220E7}.Debug|Mixed Platforms.Build.0 = Debug|Win32
		{143BD516-20A1-4890-A3E4-F8BFD02220E7}.Debug|Win32.ActiveCfg = Debug|Win32
		{143BD516-20A1-4890-A3E4-F8BFD02220E7}.Debug|Win32.Build.0 = Debug|Win32
		{143BD516-20A1-4890-A3E4-F8BFD02220E7}.Debug|x64.ActiveCfg = Debug|x64
		{143BD516-20A1-4890-A3E4-F8BFD02220E7}.Debug|x64.Build.0 = Debug|x64
		{143BD516-20A1-4890-A3E4-F8BFD02220E7}.Release|Mixed Platforms.ActiveCfg = Release|Win32
		{143BD516-20A1-4890-A3E4-F8BFD02220E7}.Release|Mixed Platforms.Build.0 = Release|Win32
		{143BD516-20A1-4890-A3E4-F8BFD02220E7}.Release|Win32.ActiveCfg = Release|Win32
		{143BD516-20A1-4890-A3E4-F8BFD02220E7}.Release|Win32.Build.0 = Release|Win32
		{143BD516-20A1-4890-A3E4-F8BFD02220E7}.Release|x64.ActiveCfg = Release|x64
		{143BD516-20A1-4890-A3E4-F8BFD02220E7}.Release|x64.Build.0 = Release|x64
	EndGlobalSection
	GlobalSection(SolutionProperties) = preSolution
		HideSolutionNode = FALSE
	EndGlobalSection
	GlobalSection(NestedProjects) = preSolution
		{838B25C2-D19E-49FE-8CB0-9A977CA3C7E8} = {C27B926E-B3EF-4990-8822-47580E43A0BE}
		{6A066806-F43F-4B31-A4E3-57179674F460} = {C27B926E-B3EF-4990-8822-47580E43A0BE}
		{C5AA09D0-6594-4CD3-BD92-1D380C7B3B50} = {C27B926E-B3EF-4990-8822-47580E43A0BE}
		{460D625F-2AC9-4559-B809-0BA89CEAEDF4} = {C27B926E-B3EF-4990-8822-47580E43A0BE}
		{2A1BC987-AF42-4500-802D-89CD32FC1309} = {20720CA7-795C-45AD-A302-9383A6DD503A}
		{B1195BB9-B3A5-47F0-906C-8DEA384D1520} = {20720CA7-795C-45AD-A302-9383A6DD503A}
		{8690FDDF-C5B7-4C42-A337-BD5243F29B85} = {20720CA7-795C-45AD-A302-9383A6DD503A}
		{DA2AA800-ED64-4649-8B3B-E7F1E3968B78} = {20720CA7-795C-45AD-A302-9383A6DD503A}
		{143BD516-20A1-4890-A3E4-F8BFD02220E7} = {20720CA7-795C-45AD-A302-9383A6DD503A}
	EndGlobalSection
EndGlobal
