
Microsoft Visual Studio Solution File, Format Version 12.00
# Visual Studio 2012
Project("{8BC9CEB8-8B4A-11D0-8D11-00A0C91BC942}") = "OysterGraphics", "OysterGraphics\OysterGraphics.vcxproj", "{0EC83E64-230E-48EF-B08C-6AC9651B4F82}"
EndProject
Project("{8BC9CEB8-8B4A-11D0-8D11-00A0C91BC942}") = "Sound", "Sound\Sound.vcxproj", "{34D6295A-00DD-4B1A-8258-97DA2818EC26}"
EndProject
Project("{2150E333-8FDC-42A3-9474-1A3956D46DE8}") = "Network", "Network", "{C27B926E-B3EF-4990-8822-47580E43A0BE}"
EndProject
Project("{8BC9CEB8-8B4A-11D0-8D11-00A0C91BC942}") = "NetworkDependencies", "Network\NetworkDependencies\NetworkDependencies.vcxproj", "{C5AA09D0-6594-4CD3-BD92-1D380C7B3B50}"
EndProject
Project("{2150E333-8FDC-42A3-9474-1A3956D46DE8}") = "Game", "Game", "{20720CA7-795C-45AD-A302-9383A6DD503A}"
EndProject
Project("{8BC9CEB8-8B4A-11D0-8D11-00A0C91BC942}") = "GameLogic", "Game\GameLogic\GameLogic.vcxproj", "{B1195BB9-B3A5-47F0-906C-8DEA384D1520}"
EndProject
Project("{8BC9CEB8-8B4A-11D0-8D11-00A0C91BC942}") = "NetworkAPI", "Network\NetworkAPI\NetworkAPI.vcxproj", "{460D625F-2AC9-4559-B809-0BA89CEAEDF4}"
EndProject
Project("{8BC9CEB8-8B4A-11D0-8D11-00A0C91BC942}") = "GameProtocols", "Game\GameProtocols\GameProtocols.vcxproj", "{DA2AA800-ED64-4649-8B3B-E7F1E3968B78}"
EndProject
Project("{8BC9CEB8-8B4A-11D0-8D11-00A0C91BC942}") = "GameServer", "Game\GameServer\GameServer.vcxproj", "{143BD516-20A1-4890-A3E4-F8BFD02220E7}"
EndProject
Project("{2150E333-8FDC-42A3-9474-1A3956D46DE8}") = "Physics", "Physics", "{F156EEBC-0195-4020-8700-4433208DE12B}"
EndProject
Project("{8BC9CEB8-8B4A-11D0-8D11-00A0C91BC942}") = "GamePhysics", "Physics\GamePhysics\GamePhysics.vcxproj", "{C4C76A8D-44C5-4452-9F61-39C7E01CBDB4}"
EndProject
Project("{8BC9CEB8-8B4A-11D0-8D11-00A0C91BC942}") = "OysterPhysics3D", "Physics\OysterPhysics3D\OysterPhysics3D.vcxproj", "{3EA5F14D-2A71-4588-A69D-87C4571C580F}"
EndProject
Project("{2150E333-8FDC-42A3-9474-1A3956D46DE8}") = "Misc", "Misc", "{1322B12B-5E37-448A-AAAF-F637460DCB23}"
EndProject
Project("{8BC9CEB8-8B4A-11D0-8D11-00A0C91BC942}") = "Input", "Misc\Input\Input.vcxproj", "{7E3990D2-3D94-465C-B58D-64A74B3ECF9B}"
EndProject
Project("{8BC9CEB8-8B4A-11D0-8D11-00A0C91BC942}") = "OysterMath", "Misc\OysterMath\OysterMath.vcxproj", "{F10CBC03-9809-4CBA-95D8-327C287B18EE}"
EndProject
Project("{8BC9CEB8-8B4A-11D0-8D11-00A0C91BC942}") = "WindowManager", "Misc\WindowManager\WindowManager.vcxproj", "{35AEA3C0-E0A7-4E1E-88CD-514AA5A442B1}"
EndProject
Project("{2150E333-8FDC-42A3-9474-1A3956D46DE8}") = "LanServer", "LanServer", "{C83A6FAD-E71F-4B1E-9D63-E93E61DDC012}"
EndProject
Project("{FAE04EC0-301F-11D3-BF4B-00C04F79EFBC}") = "StandAloneLauncher", "Game\LanServer\StandAloneLauncher\StandAloneLauncher.csproj", "{604A12A7-07BF-4482-BDF3-7101C811F121}"
EndProject
Project("{8BC9CEB8-8B4A-11D0-8D11-00A0C91BC942}") = "CLIStandaloneServer", "Game\LanServer\CLIStandaloneServer\CLIStandaloneServer.vcxproj", "{C8CBA520-5D7D-4D61-A8DA-6E05FD132BCB}"
EndProject
Project("{8BC9CEB8-8B4A-11D0-8D11-00A0C91BC942}") = "GameLauncher", "Game\GameLauncher\GameLauncher.vcxproj", "{8690FDDF-C5B7-4C42-A337-BD5243F29B85}"
EndProject
Project("{8BC9CEB8-8B4A-11D0-8D11-00A0C91BC942}") = "GameClient", "Game\GameClient\GameClient.vcxproj", "{2A1BC987-AF42-4500-802D-89CD32FC1309}"
EndProject
Project("{8BC9CEB8-8B4A-11D0-8D11-00A0C91BC942}") = "Utilities", "Misc\Utilities\Utilities.vcxproj", "{2EC4DDED-8F75-4C86-A10B-E1E8EB29F3EE}"
EndProject
Project("{8BC9CEB8-8B4A-11D0-8D11-00A0C91BC942}") = "LevelLoader", "Game\LevelLoader\LevelLoader.vcxproj", "{6391E709-D9FA-4FEF-A3B9-4343DB5A0C63}"
EndProject
Project("{8BC9CEB8-8B4A-11D0-8D11-00A0C91BC942}") = "GameServerDebugEnvironment", "Game\LanServer\GameServerDebugEnvironment\GameServerDebugEnvironment.vcxproj", "{67D0FB00-FF1F-4DE4-84BD-664AE93D25EE}"
EndProject
Project("{930C7802-8A8C-48F9-8165-68863BCCD9DD}") = "NoEdgeInstaller", "NoEdgeInstaller\NoEdgeInstaller.wixproj", "{8374C907-2AD1-4F0A-9B5F-318A24DC0814}"
EndProject
Global
	GlobalSection(SolutionConfigurationPlatforms) = preSolution
		Debug|Any CPU = Debug|Any CPU
		Debug|Mixed Platforms = Debug|Mixed Platforms
		Debug|Win32 = Debug|Win32
		Debug|x64 = Debug|x64
		Debug|x86 = Debug|x86
		MinSizeRel|Any CPU = MinSizeRel|Any CPU
		MinSizeRel|Mixed Platforms = MinSizeRel|Mixed Platforms
		MinSizeRel|Win32 = MinSizeRel|Win32
		MinSizeRel|x64 = MinSizeRel|x64
		MinSizeRel|x86 = MinSizeRel|x86
		Release|Any CPU = Release|Any CPU
		Release|Mixed Platforms = Release|Mixed Platforms
		Release|Win32 = Release|Win32
		Release|x64 = Release|x64
		Release|x86 = Release|x86
		RelWithDebInfo|Any CPU = RelWithDebInfo|Any CPU
		RelWithDebInfo|Mixed Platforms = RelWithDebInfo|Mixed Platforms
		RelWithDebInfo|Win32 = RelWithDebInfo|Win32
		RelWithDebInfo|x64 = RelWithDebInfo|x64
		RelWithDebInfo|x86 = RelWithDebInfo|x86
	EndGlobalSection
	GlobalSection(ProjectConfigurationPlatforms) = postSolution
		{0EC83E64-230E-48EF-B08C-6AC9651B4F82}.Debug|Any CPU.ActiveCfg = Debug|Win32
		{0EC83E64-230E-48EF-B08C-6AC9651B4F82}.Debug|Mixed Platforms.ActiveCfg = Debug|Win32
		{0EC83E64-230E-48EF-B08C-6AC9651B4F82}.Debug|Mixed Platforms.Build.0 = Debug|Win32
		{0EC83E64-230E-48EF-B08C-6AC9651B4F82}.Debug|Win32.ActiveCfg = Debug|Win32
		{0EC83E64-230E-48EF-B08C-6AC9651B4F82}.Debug|Win32.Build.0 = Debug|Win32
		{0EC83E64-230E-48EF-B08C-6AC9651B4F82}.Debug|x64.ActiveCfg = Debug|x64
		{0EC83E64-230E-48EF-B08C-6AC9651B4F82}.Debug|x64.Build.0 = Debug|x64
		{0EC83E64-230E-48EF-B08C-6AC9651B4F82}.Debug|x86.ActiveCfg = Debug|Win32
		{0EC83E64-230E-48EF-B08C-6AC9651B4F82}.Debug|x86.Build.0 = Debug|Win32
		{0EC83E64-230E-48EF-B08C-6AC9651B4F82}.MinSizeRel|Any CPU.ActiveCfg = Release|Win32
		{0EC83E64-230E-48EF-B08C-6AC9651B4F82}.MinSizeRel|Mixed Platforms.ActiveCfg = Release|Win32
		{0EC83E64-230E-48EF-B08C-6AC9651B4F82}.MinSizeRel|Mixed Platforms.Build.0 = Release|Win32
		{0EC83E64-230E-48EF-B08C-6AC9651B4F82}.MinSizeRel|Win32.ActiveCfg = Release|Win32
		{0EC83E64-230E-48EF-B08C-6AC9651B4F82}.MinSizeRel|Win32.Build.0 = Release|Win32
		{0EC83E64-230E-48EF-B08C-6AC9651B4F82}.MinSizeRel|x64.ActiveCfg = Release|x64
		{0EC83E64-230E-48EF-B08C-6AC9651B4F82}.MinSizeRel|x64.Build.0 = Release|x64
		{0EC83E64-230E-48EF-B08C-6AC9651B4F82}.MinSizeRel|x86.ActiveCfg = Release|Win32
		{0EC83E64-230E-48EF-B08C-6AC9651B4F82}.MinSizeRel|x86.Build.0 = Release|Win32
		{0EC83E64-230E-48EF-B08C-6AC9651B4F82}.Release|Any CPU.ActiveCfg = Release|Win32
		{0EC83E64-230E-48EF-B08C-6AC9651B4F82}.Release|Mixed Platforms.ActiveCfg = Release|Win32
		{0EC83E64-230E-48EF-B08C-6AC9651B4F82}.Release|Mixed Platforms.Build.0 = Release|Win32
		{0EC83E64-230E-48EF-B08C-6AC9651B4F82}.Release|Win32.ActiveCfg = Release|Win32
		{0EC83E64-230E-48EF-B08C-6AC9651B4F82}.Release|Win32.Build.0 = Release|Win32
		{0EC83E64-230E-48EF-B08C-6AC9651B4F82}.Release|x64.ActiveCfg = Release|x64
		{0EC83E64-230E-48EF-B08C-6AC9651B4F82}.Release|x64.Build.0 = Release|x64
		{0EC83E64-230E-48EF-B08C-6AC9651B4F82}.Release|x86.ActiveCfg = Release|Win32
		{0EC83E64-230E-48EF-B08C-6AC9651B4F82}.Release|x86.Build.0 = Release|Win32
		{0EC83E64-230E-48EF-B08C-6AC9651B4F82}.RelWithDebInfo|Any CPU.ActiveCfg = Release|Win32
		{0EC83E64-230E-48EF-B08C-6AC9651B4F82}.RelWithDebInfo|Mixed Platforms.ActiveCfg = Release|Win32
		{0EC83E64-230E-48EF-B08C-6AC9651B4F82}.RelWithDebInfo|Mixed Platforms.Build.0 = Release|Win32
		{0EC83E64-230E-48EF-B08C-6AC9651B4F82}.RelWithDebInfo|Win32.ActiveCfg = Release|Win32
		{0EC83E64-230E-48EF-B08C-6AC9651B4F82}.RelWithDebInfo|Win32.Build.0 = Release|Win32
		{0EC83E64-230E-48EF-B08C-6AC9651B4F82}.RelWithDebInfo|x64.ActiveCfg = Release|x64
		{0EC83E64-230E-48EF-B08C-6AC9651B4F82}.RelWithDebInfo|x64.Build.0 = Release|x64
		{0EC83E64-230E-48EF-B08C-6AC9651B4F82}.RelWithDebInfo|x86.ActiveCfg = Release|Win32
		{0EC83E64-230E-48EF-B08C-6AC9651B4F82}.RelWithDebInfo|x86.Build.0 = Release|Win32
		{34D6295A-00DD-4B1A-8258-97DA2818EC26}.Debug|Any CPU.ActiveCfg = Debug|Win32
		{34D6295A-00DD-4B1A-8258-97DA2818EC26}.Debug|Mixed Platforms.ActiveCfg = Debug|Win32
		{34D6295A-00DD-4B1A-8258-97DA2818EC26}.Debug|Mixed Platforms.Build.0 = Debug|Win32
		{34D6295A-00DD-4B1A-8258-97DA2818EC26}.Debug|Win32.ActiveCfg = Debug|Win32
		{34D6295A-00DD-4B1A-8258-97DA2818EC26}.Debug|Win32.Build.0 = Debug|Win32
		{34D6295A-00DD-4B1A-8258-97DA2818EC26}.Debug|x64.ActiveCfg = Debug|x64
		{34D6295A-00DD-4B1A-8258-97DA2818EC26}.Debug|x64.Build.0 = Debug|x64
		{34D6295A-00DD-4B1A-8258-97DA2818EC26}.Debug|x86.ActiveCfg = Debug|Win32
		{34D6295A-00DD-4B1A-8258-97DA2818EC26}.Debug|x86.Build.0 = Debug|Win32
		{34D6295A-00DD-4B1A-8258-97DA2818EC26}.MinSizeRel|Any CPU.ActiveCfg = Release|Win32
		{34D6295A-00DD-4B1A-8258-97DA2818EC26}.MinSizeRel|Mixed Platforms.ActiveCfg = Release|Win32
		{34D6295A-00DD-4B1A-8258-97DA2818EC26}.MinSizeRel|Mixed Platforms.Build.0 = Release|Win32
		{34D6295A-00DD-4B1A-8258-97DA2818EC26}.MinSizeRel|Win32.ActiveCfg = Release|Win32
		{34D6295A-00DD-4B1A-8258-97DA2818EC26}.MinSizeRel|Win32.Build.0 = Release|Win32
		{34D6295A-00DD-4B1A-8258-97DA2818EC26}.MinSizeRel|x64.ActiveCfg = Release|x64
		{34D6295A-00DD-4B1A-8258-97DA2818EC26}.MinSizeRel|x64.Build.0 = Release|x64
		{34D6295A-00DD-4B1A-8258-97DA2818EC26}.MinSizeRel|x86.ActiveCfg = Release|Win32
		{34D6295A-00DD-4B1A-8258-97DA2818EC26}.MinSizeRel|x86.Build.0 = Release|Win32
		{34D6295A-00DD-4B1A-8258-97DA2818EC26}.Release|Any CPU.ActiveCfg = Release|Win32
		{34D6295A-00DD-4B1A-8258-97DA2818EC26}.Release|Mixed Platforms.ActiveCfg = Release|Win32
		{34D6295A-00DD-4B1A-8258-97DA2818EC26}.Release|Mixed Platforms.Build.0 = Release|Win32
		{34D6295A-00DD-4B1A-8258-97DA2818EC26}.Release|Win32.ActiveCfg = Release|Win32
		{34D6295A-00DD-4B1A-8258-97DA2818EC26}.Release|Win32.Build.0 = Release|Win32
		{34D6295A-00DD-4B1A-8258-97DA2818EC26}.Release|x64.ActiveCfg = Release|x64
		{34D6295A-00DD-4B1A-8258-97DA2818EC26}.Release|x64.Build.0 = Release|x64
		{34D6295A-00DD-4B1A-8258-97DA2818EC26}.Release|x86.ActiveCfg = Release|Win32
		{34D6295A-00DD-4B1A-8258-97DA2818EC26}.Release|x86.Build.0 = Release|Win32
		{34D6295A-00DD-4B1A-8258-97DA2818EC26}.RelWithDebInfo|Any CPU.ActiveCfg = Release|Win32
		{34D6295A-00DD-4B1A-8258-97DA2818EC26}.RelWithDebInfo|Mixed Platforms.ActiveCfg = Release|Win32
		{34D6295A-00DD-4B1A-8258-97DA2818EC26}.RelWithDebInfo|Mixed Platforms.Build.0 = Release|Win32
		{34D6295A-00DD-4B1A-8258-97DA2818EC26}.RelWithDebInfo|Win32.ActiveCfg = Release|Win32
		{34D6295A-00DD-4B1A-8258-97DA2818EC26}.RelWithDebInfo|Win32.Build.0 = Release|Win32
		{34D6295A-00DD-4B1A-8258-97DA2818EC26}.RelWithDebInfo|x64.ActiveCfg = Release|x64
		{34D6295A-00DD-4B1A-8258-97DA2818EC26}.RelWithDebInfo|x64.Build.0 = Release|x64
		{34D6295A-00DD-4B1A-8258-97DA2818EC26}.RelWithDebInfo|x86.ActiveCfg = Release|Win32
		{34D6295A-00DD-4B1A-8258-97DA2818EC26}.RelWithDebInfo|x86.Build.0 = Release|Win32
		{C5AA09D0-6594-4CD3-BD92-1D380C7B3B50}.Debug|Any CPU.ActiveCfg = Debug|Win32
		{C5AA09D0-6594-4CD3-BD92-1D380C7B3B50}.Debug|Mixed Platforms.ActiveCfg = Debug|Win32
		{C5AA09D0-6594-4CD3-BD92-1D380C7B3B50}.Debug|Mixed Platforms.Build.0 = Debug|Win32
		{C5AA09D0-6594-4CD3-BD92-1D380C7B3B50}.Debug|Win32.ActiveCfg = Debug|Win32
		{C5AA09D0-6594-4CD3-BD92-1D380C7B3B50}.Debug|Win32.Build.0 = Debug|Win32
		{C5AA09D0-6594-4CD3-BD92-1D380C7B3B50}.Debug|x64.ActiveCfg = Debug|x64
		{C5AA09D0-6594-4CD3-BD92-1D380C7B3B50}.Debug|x64.Build.0 = Debug|x64
		{C5AA09D0-6594-4CD3-BD92-1D380C7B3B50}.Debug|x86.ActiveCfg = Debug|Win32
		{C5AA09D0-6594-4CD3-BD92-1D380C7B3B50}.Debug|x86.Build.0 = Debug|Win32
		{C5AA09D0-6594-4CD3-BD92-1D380C7B3B50}.MinSizeRel|Any CPU.ActiveCfg = Release|Win32
		{C5AA09D0-6594-4CD3-BD92-1D380C7B3B50}.MinSizeRel|Mixed Platforms.ActiveCfg = Release|Win32
		{C5AA09D0-6594-4CD3-BD92-1D380C7B3B50}.MinSizeRel|Win32.ActiveCfg = Release|Win32
		{C5AA09D0-6594-4CD3-BD92-1D380C7B3B50}.MinSizeRel|x64.ActiveCfg = Release|x64
		{C5AA09D0-6594-4CD3-BD92-1D380C7B3B50}.MinSizeRel|x86.ActiveCfg = Release|Win32
		{C5AA09D0-6594-4CD3-BD92-1D380C7B3B50}.MinSizeRel|x86.Build.0 = Release|Win32
		{C5AA09D0-6594-4CD3-BD92-1D380C7B3B50}.Release|Any CPU.ActiveCfg = Release|Win32
		{C5AA09D0-6594-4CD3-BD92-1D380C7B3B50}.Release|Mixed Platforms.ActiveCfg = Release|Win32
		{C5AA09D0-6594-4CD3-BD92-1D380C7B3B50}.Release|Mixed Platforms.Build.0 = Release|Win32
		{C5AA09D0-6594-4CD3-BD92-1D380C7B3B50}.Release|Win32.ActiveCfg = Release|Win32
		{C5AA09D0-6594-4CD3-BD92-1D380C7B3B50}.Release|Win32.Build.0 = Release|Win32
		{C5AA09D0-6594-4CD3-BD92-1D380C7B3B50}.Release|x64.ActiveCfg = Release|x64
		{C5AA09D0-6594-4CD3-BD92-1D380C7B3B50}.Release|x64.Build.0 = Release|x64
		{C5AA09D0-6594-4CD3-BD92-1D380C7B3B50}.Release|x86.ActiveCfg = Release|Win32
		{C5AA09D0-6594-4CD3-BD92-1D380C7B3B50}.Release|x86.Build.0 = Release|Win32
		{C5AA09D0-6594-4CD3-BD92-1D380C7B3B50}.RelWithDebInfo|Any CPU.ActiveCfg = Release|Win32
		{C5AA09D0-6594-4CD3-BD92-1D380C7B3B50}.RelWithDebInfo|Mixed Platforms.ActiveCfg = Release|Win32
		{C5AA09D0-6594-4CD3-BD92-1D380C7B3B50}.RelWithDebInfo|Win32.ActiveCfg = Release|Win32
		{C5AA09D0-6594-4CD3-BD92-1D380C7B3B50}.RelWithDebInfo|x64.ActiveCfg = Release|x64
		{C5AA09D0-6594-4CD3-BD92-1D380C7B3B50}.RelWithDebInfo|x86.ActiveCfg = Release|Win32
		{C5AA09D0-6594-4CD3-BD92-1D380C7B3B50}.RelWithDebInfo|x86.Build.0 = Release|Win32
		{B1195BB9-B3A5-47F0-906C-8DEA384D1520}.Debug|Any CPU.ActiveCfg = Debug|Win32
		{B1195BB9-B3A5-47F0-906C-8DEA384D1520}.Debug|Mixed Platforms.ActiveCfg = Debug|Win32
		{B1195BB9-B3A5-47F0-906C-8DEA384D1520}.Debug|Mixed Platforms.Build.0 = Debug|Win32
		{B1195BB9-B3A5-47F0-906C-8DEA384D1520}.Debug|Win32.ActiveCfg = Debug|Win32
		{B1195BB9-B3A5-47F0-906C-8DEA384D1520}.Debug|Win32.Build.0 = Debug|Win32
		{B1195BB9-B3A5-47F0-906C-8DEA384D1520}.Debug|x64.ActiveCfg = Debug|x64
		{B1195BB9-B3A5-47F0-906C-8DEA384D1520}.Debug|x64.Build.0 = Debug|x64
		{B1195BB9-B3A5-47F0-906C-8DEA384D1520}.Debug|x86.ActiveCfg = Debug|Win32
		{B1195BB9-B3A5-47F0-906C-8DEA384D1520}.Debug|x86.Build.0 = Debug|Win32
		{B1195BB9-B3A5-47F0-906C-8DEA384D1520}.MinSizeRel|Any CPU.ActiveCfg = Release|Win32
		{B1195BB9-B3A5-47F0-906C-8DEA384D1520}.MinSizeRel|Mixed Platforms.ActiveCfg = Release|Win32
		{B1195BB9-B3A5-47F0-906C-8DEA384D1520}.MinSizeRel|Mixed Platforms.Build.0 = Release|Win32
		{B1195BB9-B3A5-47F0-906C-8DEA384D1520}.MinSizeRel|Win32.ActiveCfg = Release|Win32
		{B1195BB9-B3A5-47F0-906C-8DEA384D1520}.MinSizeRel|Win32.Build.0 = Release|Win32
		{B1195BB9-B3A5-47F0-906C-8DEA384D1520}.MinSizeRel|x64.ActiveCfg = Release|x64
		{B1195BB9-B3A5-47F0-906C-8DEA384D1520}.MinSizeRel|x64.Build.0 = Release|x64
		{B1195BB9-B3A5-47F0-906C-8DEA384D1520}.MinSizeRel|x86.ActiveCfg = Release|Win32
		{B1195BB9-B3A5-47F0-906C-8DEA384D1520}.MinSizeRel|x86.Build.0 = Release|Win32
		{B1195BB9-B3A5-47F0-906C-8DEA384D1520}.Release|Any CPU.ActiveCfg = Release|Win32
		{B1195BB9-B3A5-47F0-906C-8DEA384D1520}.Release|Mixed Platforms.ActiveCfg = Release|Win32
		{B1195BB9-B3A5-47F0-906C-8DEA384D1520}.Release|Mixed Platforms.Build.0 = Release|Win32
		{B1195BB9-B3A5-47F0-906C-8DEA384D1520}.Release|Win32.ActiveCfg = Release|Win32
		{B1195BB9-B3A5-47F0-906C-8DEA384D1520}.Release|Win32.Build.0 = Release|Win32
		{B1195BB9-B3A5-47F0-906C-8DEA384D1520}.Release|x64.ActiveCfg = Release|x64
		{B1195BB9-B3A5-47F0-906C-8DEA384D1520}.Release|x64.Build.0 = Release|x64
		{B1195BB9-B3A5-47F0-906C-8DEA384D1520}.Release|x86.ActiveCfg = Release|Win32
		{B1195BB9-B3A5-47F0-906C-8DEA384D1520}.Release|x86.Build.0 = Release|Win32
		{B1195BB9-B3A5-47F0-906C-8DEA384D1520}.RelWithDebInfo|Any CPU.ActiveCfg = Release|Win32
		{B1195BB9-B3A5-47F0-906C-8DEA384D1520}.RelWithDebInfo|Mixed Platforms.ActiveCfg = Release|Win32
		{B1195BB9-B3A5-47F0-906C-8DEA384D1520}.RelWithDebInfo|Mixed Platforms.Build.0 = Release|Win32
		{B1195BB9-B3A5-47F0-906C-8DEA384D1520}.RelWithDebInfo|Win32.ActiveCfg = Release|Win32
		{B1195BB9-B3A5-47F0-906C-8DEA384D1520}.RelWithDebInfo|Win32.Build.0 = Release|Win32
		{B1195BB9-B3A5-47F0-906C-8DEA384D1520}.RelWithDebInfo|x64.ActiveCfg = Release|x64
		{B1195BB9-B3A5-47F0-906C-8DEA384D1520}.RelWithDebInfo|x64.Build.0 = Release|x64
		{B1195BB9-B3A5-47F0-906C-8DEA384D1520}.RelWithDebInfo|x86.ActiveCfg = Release|Win32
		{B1195BB9-B3A5-47F0-906C-8DEA384D1520}.RelWithDebInfo|x86.Build.0 = Release|Win32
		{460D625F-2AC9-4559-B809-0BA89CEAEDF4}.Debug|Any CPU.ActiveCfg = Debug|Win32
		{460D625F-2AC9-4559-B809-0BA89CEAEDF4}.Debug|Mixed Platforms.ActiveCfg = Debug|Win32
		{460D625F-2AC9-4559-B809-0BA89CEAEDF4}.Debug|Mixed Platforms.Build.0 = Debug|Win32
		{460D625F-2AC9-4559-B809-0BA89CEAEDF4}.Debug|Win32.ActiveCfg = Debug|Win32
		{460D625F-2AC9-4559-B809-0BA89CEAEDF4}.Debug|Win32.Build.0 = Debug|Win32
		{460D625F-2AC9-4559-B809-0BA89CEAEDF4}.Debug|x64.ActiveCfg = Debug|x64
		{460D625F-2AC9-4559-B809-0BA89CEAEDF4}.Debug|x64.Build.0 = Debug|x64
		{460D625F-2AC9-4559-B809-0BA89CEAEDF4}.Debug|x86.ActiveCfg = Debug|Win32
		{460D625F-2AC9-4559-B809-0BA89CEAEDF4}.Debug|x86.Build.0 = Debug|Win32
		{460D625F-2AC9-4559-B809-0BA89CEAEDF4}.MinSizeRel|Any CPU.ActiveCfg = Release|Win32
		{460D625F-2AC9-4559-B809-0BA89CEAEDF4}.MinSizeRel|Mixed Platforms.ActiveCfg = Release|Win32
		{460D625F-2AC9-4559-B809-0BA89CEAEDF4}.MinSizeRel|Mixed Platforms.Build.0 = Release|Win32
		{460D625F-2AC9-4559-B809-0BA89CEAEDF4}.MinSizeRel|Win32.ActiveCfg = Release|Win32
		{460D625F-2AC9-4559-B809-0BA89CEAEDF4}.MinSizeRel|Win32.Build.0 = Release|Win32
		{460D625F-2AC9-4559-B809-0BA89CEAEDF4}.MinSizeRel|x64.ActiveCfg = Release|x64
		{460D625F-2AC9-4559-B809-0BA89CEAEDF4}.MinSizeRel|x64.Build.0 = Release|x64
		{460D625F-2AC9-4559-B809-0BA89CEAEDF4}.MinSizeRel|x86.ActiveCfg = Release|Win32
		{460D625F-2AC9-4559-B809-0BA89CEAEDF4}.MinSizeRel|x86.Build.0 = Release|Win32
		{460D625F-2AC9-4559-B809-0BA89CEAEDF4}.Release|Any CPU.ActiveCfg = Release|Win32
		{460D625F-2AC9-4559-B809-0BA89CEAEDF4}.Release|Mixed Platforms.ActiveCfg = Release|Win32
		{460D625F-2AC9-4559-B809-0BA89CEAEDF4}.Release|Mixed Platforms.Build.0 = Release|Win32
		{460D625F-2AC9-4559-B809-0BA89CEAEDF4}.Release|Win32.ActiveCfg = Release|Win32
		{460D625F-2AC9-4559-B809-0BA89CEAEDF4}.Release|Win32.Build.0 = Release|Win32
		{460D625F-2AC9-4559-B809-0BA89CEAEDF4}.Release|x64.ActiveCfg = Release|x64
		{460D625F-2AC9-4559-B809-0BA89CEAEDF4}.Release|x64.Build.0 = Release|x64
		{460D625F-2AC9-4559-B809-0BA89CEAEDF4}.Release|x86.ActiveCfg = Release|Win32
		{460D625F-2AC9-4559-B809-0BA89CEAEDF4}.Release|x86.Build.0 = Release|Win32
		{460D625F-2AC9-4559-B809-0BA89CEAEDF4}.RelWithDebInfo|Any CPU.ActiveCfg = Release|Win32
		{460D625F-2AC9-4559-B809-0BA89CEAEDF4}.RelWithDebInfo|Mixed Platforms.ActiveCfg = Release|Win32
		{460D625F-2AC9-4559-B809-0BA89CEAEDF4}.RelWithDebInfo|Mixed Platforms.Build.0 = Release|Win32
		{460D625F-2AC9-4559-B809-0BA89CEAEDF4}.RelWithDebInfo|Win32.ActiveCfg = Release|Win32
		{460D625F-2AC9-4559-B809-0BA89CEAEDF4}.RelWithDebInfo|Win32.Build.0 = Release|Win32
		{460D625F-2AC9-4559-B809-0BA89CEAEDF4}.RelWithDebInfo|x64.ActiveCfg = Release|x64
		{460D625F-2AC9-4559-B809-0BA89CEAEDF4}.RelWithDebInfo|x64.Build.0 = Release|x64
		{460D625F-2AC9-4559-B809-0BA89CEAEDF4}.RelWithDebInfo|x86.ActiveCfg = Release|Win32
		{460D625F-2AC9-4559-B809-0BA89CEAEDF4}.RelWithDebInfo|x86.Build.0 = Release|Win32
		{DA2AA800-ED64-4649-8B3B-E7F1E3968B78}.Debug|Any CPU.ActiveCfg = Debug|Win32
		{DA2AA800-ED64-4649-8B3B-E7F1E3968B78}.Debug|Mixed Platforms.ActiveCfg = Debug|Win32
		{DA2AA800-ED64-4649-8B3B-E7F1E3968B78}.Debug|Mixed Platforms.Build.0 = Debug|Win32
		{DA2AA800-ED64-4649-8B3B-E7F1E3968B78}.Debug|Win32.ActiveCfg = Debug|Win32
		{DA2AA800-ED64-4649-8B3B-E7F1E3968B78}.Debug|Win32.Build.0 = Debug|Win32
		{DA2AA800-ED64-4649-8B3B-E7F1E3968B78}.Debug|x64.ActiveCfg = Debug|x64
		{DA2AA800-ED64-4649-8B3B-E7F1E3968B78}.Debug|x64.Build.0 = Debug|x64
		{DA2AA800-ED64-4649-8B3B-E7F1E3968B78}.Debug|x86.ActiveCfg = Debug|Win32
		{DA2AA800-ED64-4649-8B3B-E7F1E3968B78}.Debug|x86.Build.0 = Debug|Win32
		{DA2AA800-ED64-4649-8B3B-E7F1E3968B78}.MinSizeRel|Any CPU.ActiveCfg = Release|Win32
		{DA2AA800-ED64-4649-8B3B-E7F1E3968B78}.MinSizeRel|Mixed Platforms.ActiveCfg = Release|Win32
		{DA2AA800-ED64-4649-8B3B-E7F1E3968B78}.MinSizeRel|Mixed Platforms.Build.0 = Release|Win32
		{DA2AA800-ED64-4649-8B3B-E7F1E3968B78}.MinSizeRel|Win32.ActiveCfg = Release|Win32
		{DA2AA800-ED64-4649-8B3B-E7F1E3968B78}.MinSizeRel|Win32.Build.0 = Release|Win32
		{DA2AA800-ED64-4649-8B3B-E7F1E3968B78}.MinSizeRel|x64.ActiveCfg = Release|x64
		{DA2AA800-ED64-4649-8B3B-E7F1E3968B78}.MinSizeRel|x64.Build.0 = Release|x64
		{DA2AA800-ED64-4649-8B3B-E7F1E3968B78}.MinSizeRel|x86.ActiveCfg = Release|Win32
		{DA2AA800-ED64-4649-8B3B-E7F1E3968B78}.MinSizeRel|x86.Build.0 = Release|Win32
		{DA2AA800-ED64-4649-8B3B-E7F1E3968B78}.Release|Any CPU.ActiveCfg = Release|Win32
		{DA2AA800-ED64-4649-8B3B-E7F1E3968B78}.Release|Mixed Platforms.ActiveCfg = Release|Win32
		{DA2AA800-ED64-4649-8B3B-E7F1E3968B78}.Release|Mixed Platforms.Build.0 = Release|Win32
		{DA2AA800-ED64-4649-8B3B-E7F1E3968B78}.Release|Win32.ActiveCfg = Release|Win32
		{DA2AA800-ED64-4649-8B3B-E7F1E3968B78}.Release|Win32.Build.0 = Release|Win32
		{DA2AA800-ED64-4649-8B3B-E7F1E3968B78}.Release|x64.ActiveCfg = Release|x64
		{DA2AA800-ED64-4649-8B3B-E7F1E3968B78}.Release|x64.Build.0 = Release|x64
		{DA2AA800-ED64-4649-8B3B-E7F1E3968B78}.Release|x86.ActiveCfg = Release|Win32
		{DA2AA800-ED64-4649-8B3B-E7F1E3968B78}.Release|x86.Build.0 = Release|Win32
		{DA2AA800-ED64-4649-8B3B-E7F1E3968B78}.RelWithDebInfo|Any CPU.ActiveCfg = Release|Win32
		{DA2AA800-ED64-4649-8B3B-E7F1E3968B78}.RelWithDebInfo|Mixed Platforms.ActiveCfg = Release|Win32
		{DA2AA800-ED64-4649-8B3B-E7F1E3968B78}.RelWithDebInfo|Mixed Platforms.Build.0 = Release|Win32
		{DA2AA800-ED64-4649-8B3B-E7F1E3968B78}.RelWithDebInfo|Win32.ActiveCfg = Release|Win32
		{DA2AA800-ED64-4649-8B3B-E7F1E3968B78}.RelWithDebInfo|Win32.Build.0 = Release|Win32
		{DA2AA800-ED64-4649-8B3B-E7F1E3968B78}.RelWithDebInfo|x64.ActiveCfg = Release|x64
		{DA2AA800-ED64-4649-8B3B-E7F1E3968B78}.RelWithDebInfo|x64.Build.0 = Release|x64
		{DA2AA800-ED64-4649-8B3B-E7F1E3968B78}.RelWithDebInfo|x86.ActiveCfg = Release|Win32
		{DA2AA800-ED64-4649-8B3B-E7F1E3968B78}.RelWithDebInfo|x86.Build.0 = Release|Win32
		{143BD516-20A1-4890-A3E4-F8BFD02220E7}.Debug|Any CPU.ActiveCfg = Debug|Win32
		{143BD516-20A1-4890-A3E4-F8BFD02220E7}.Debug|Mixed Platforms.ActiveCfg = Debug|Win32
		{143BD516-20A1-4890-A3E4-F8BFD02220E7}.Debug|Mixed Platforms.Build.0 = Debug|Win32
		{143BD516-20A1-4890-A3E4-F8BFD02220E7}.Debug|Win32.ActiveCfg = Debug|Win32
		{143BD516-20A1-4890-A3E4-F8BFD02220E7}.Debug|Win32.Build.0 = Debug|Win32
		{143BD516-20A1-4890-A3E4-F8BFD02220E7}.Debug|x64.ActiveCfg = Debug|x64
		{143BD516-20A1-4890-A3E4-F8BFD02220E7}.Debug|x64.Build.0 = Debug|x64
		{143BD516-20A1-4890-A3E4-F8BFD02220E7}.Debug|x86.ActiveCfg = Debug|Win32
		{143BD516-20A1-4890-A3E4-F8BFD02220E7}.Debug|x86.Build.0 = Debug|Win32
		{143BD516-20A1-4890-A3E4-F8BFD02220E7}.MinSizeRel|Any CPU.ActiveCfg = Release|Win32
		{143BD516-20A1-4890-A3E4-F8BFD02220E7}.MinSizeRel|Mixed Platforms.ActiveCfg = Release|Win32
		{143BD516-20A1-4890-A3E4-F8BFD02220E7}.MinSizeRel|Mixed Platforms.Build.0 = Release|Win32
		{143BD516-20A1-4890-A3E4-F8BFD02220E7}.MinSizeRel|Win32.ActiveCfg = Release|Win32
		{143BD516-20A1-4890-A3E4-F8BFD02220E7}.MinSizeRel|Win32.Build.0 = Release|Win32
		{143BD516-20A1-4890-A3E4-F8BFD02220E7}.MinSizeRel|x64.ActiveCfg = Release|x64
		{143BD516-20A1-4890-A3E4-F8BFD02220E7}.MinSizeRel|x64.Build.0 = Release|x64
		{143BD516-20A1-4890-A3E4-F8BFD02220E7}.MinSizeRel|x86.ActiveCfg = Release|Win32
		{143BD516-20A1-4890-A3E4-F8BFD02220E7}.MinSizeRel|x86.Build.0 = Release|Win32
		{143BD516-20A1-4890-A3E4-F8BFD02220E7}.Release|Any CPU.ActiveCfg = Release|Win32
		{143BD516-20A1-4890-A3E4-F8BFD02220E7}.Release|Mixed Platforms.ActiveCfg = Release|Win32
		{143BD516-20A1-4890-A3E4-F8BFD02220E7}.Release|Mixed Platforms.Build.0 = Release|Win32
		{143BD516-20A1-4890-A3E4-F8BFD02220E7}.Release|Win32.ActiveCfg = Release|Win32
		{143BD516-20A1-4890-A3E4-F8BFD02220E7}.Release|Win32.Build.0 = Release|Win32
		{143BD516-20A1-4890-A3E4-F8BFD02220E7}.Release|x64.ActiveCfg = Release|x64
		{143BD516-20A1-4890-A3E4-F8BFD02220E7}.Release|x64.Build.0 = Release|x64
		{143BD516-20A1-4890-A3E4-F8BFD02220E7}.Release|x86.ActiveCfg = Release|Win32
		{143BD516-20A1-4890-A3E4-F8BFD02220E7}.Release|x86.Build.0 = Release|Win32
		{143BD516-20A1-4890-A3E4-F8BFD02220E7}.RelWithDebInfo|Any CPU.ActiveCfg = Release|Win32
		{143BD516-20A1-4890-A3E4-F8BFD02220E7}.RelWithDebInfo|Mixed Platforms.ActiveCfg = Release|Win32
		{143BD516-20A1-4890-A3E4-F8BFD02220E7}.RelWithDebInfo|Mixed Platforms.Build.0 = Release|Win32
		{143BD516-20A1-4890-A3E4-F8BFD02220E7}.RelWithDebInfo|Win32.ActiveCfg = Release|Win32
		{143BD516-20A1-4890-A3E4-F8BFD02220E7}.RelWithDebInfo|Win32.Build.0 = Release|Win32
		{143BD516-20A1-4890-A3E4-F8BFD02220E7}.RelWithDebInfo|x64.ActiveCfg = Release|x64
		{143BD516-20A1-4890-A3E4-F8BFD02220E7}.RelWithDebInfo|x64.Build.0 = Release|x64
		{143BD516-20A1-4890-A3E4-F8BFD02220E7}.RelWithDebInfo|x86.ActiveCfg = Release|Win32
		{143BD516-20A1-4890-A3E4-F8BFD02220E7}.RelWithDebInfo|x86.Build.0 = Release|Win32
		{C4C76A8D-44C5-4452-9F61-39C7E01CBDB4}.Debug|Any CPU.ActiveCfg = Debug|Win32
		{C4C76A8D-44C5-4452-9F61-39C7E01CBDB4}.Debug|Mixed Platforms.ActiveCfg = Debug|Win32
		{C4C76A8D-44C5-4452-9F61-39C7E01CBDB4}.Debug|Mixed Platforms.Build.0 = Debug|Win32
		{C4C76A8D-44C5-4452-9F61-39C7E01CBDB4}.Debug|Win32.ActiveCfg = Debug|Win32
		{C4C76A8D-44C5-4452-9F61-39C7E01CBDB4}.Debug|Win32.Build.0 = Debug|Win32
		{C4C76A8D-44C5-4452-9F61-39C7E01CBDB4}.Debug|x64.ActiveCfg = Debug|x64
		{C4C76A8D-44C5-4452-9F61-39C7E01CBDB4}.Debug|x64.Build.0 = Debug|x64
		{C4C76A8D-44C5-4452-9F61-39C7E01CBDB4}.Debug|x86.ActiveCfg = Debug|Win32
		{C4C76A8D-44C5-4452-9F61-39C7E01CBDB4}.Debug|x86.Build.0 = Debug|Win32
		{C4C76A8D-44C5-4452-9F61-39C7E01CBDB4}.MinSizeRel|Any CPU.ActiveCfg = Release|Win32
		{C4C76A8D-44C5-4452-9F61-39C7E01CBDB4}.MinSizeRel|Mixed Platforms.ActiveCfg = Release|Win32
		{C4C76A8D-44C5-4452-9F61-39C7E01CBDB4}.MinSizeRel|Mixed Platforms.Build.0 = Release|Win32
		{C4C76A8D-44C5-4452-9F61-39C7E01CBDB4}.MinSizeRel|Win32.ActiveCfg = Release|Win32
		{C4C76A8D-44C5-4452-9F61-39C7E01CBDB4}.MinSizeRel|Win32.Build.0 = Release|Win32
		{C4C76A8D-44C5-4452-9F61-39C7E01CBDB4}.MinSizeRel|x64.ActiveCfg = Release|x64
		{C4C76A8D-44C5-4452-9F61-39C7E01CBDB4}.MinSizeRel|x64.Build.0 = Release|x64
		{C4C76A8D-44C5-4452-9F61-39C7E01CBDB4}.MinSizeRel|x86.ActiveCfg = Release|Win32
		{C4C76A8D-44C5-4452-9F61-39C7E01CBDB4}.MinSizeRel|x86.Build.0 = Release|Win32
		{C4C76A8D-44C5-4452-9F61-39C7E01CBDB4}.Release|Any CPU.ActiveCfg = Release|Win32
		{C4C76A8D-44C5-4452-9F61-39C7E01CBDB4}.Release|Mixed Platforms.ActiveCfg = Release|Win32
		{C4C76A8D-44C5-4452-9F61-39C7E01CBDB4}.Release|Mixed Platforms.Build.0 = Release|Win32
		{C4C76A8D-44C5-4452-9F61-39C7E01CBDB4}.Release|Win32.ActiveCfg = Release|Win32
		{C4C76A8D-44C5-4452-9F61-39C7E01CBDB4}.Release|Win32.Build.0 = Release|Win32
		{C4C76A8D-44C5-4452-9F61-39C7E01CBDB4}.Release|x64.ActiveCfg = Release|x64
		{C4C76A8D-44C5-4452-9F61-39C7E01CBDB4}.Release|x64.Build.0 = Release|x64
		{C4C76A8D-44C5-4452-9F61-39C7E01CBDB4}.Release|x86.ActiveCfg = Release|Win32
		{C4C76A8D-44C5-4452-9F61-39C7E01CBDB4}.Release|x86.Build.0 = Release|Win32
		{C4C76A8D-44C5-4452-9F61-39C7E01CBDB4}.RelWithDebInfo|Any CPU.ActiveCfg = Release|Win32
		{C4C76A8D-44C5-4452-9F61-39C7E01CBDB4}.RelWithDebInfo|Mixed Platforms.ActiveCfg = Release|Win32
		{C4C76A8D-44C5-4452-9F61-39C7E01CBDB4}.RelWithDebInfo|Mixed Platforms.Build.0 = Release|Win32
		{C4C76A8D-44C5-4452-9F61-39C7E01CBDB4}.RelWithDebInfo|Win32.ActiveCfg = Release|Win32
		{C4C76A8D-44C5-4452-9F61-39C7E01CBDB4}.RelWithDebInfo|Win32.Build.0 = Release|Win32
		{C4C76A8D-44C5-4452-9F61-39C7E01CBDB4}.RelWithDebInfo|x64.ActiveCfg = Release|x64
		{C4C76A8D-44C5-4452-9F61-39C7E01CBDB4}.RelWithDebInfo|x64.Build.0 = Release|x64
		{C4C76A8D-44C5-4452-9F61-39C7E01CBDB4}.RelWithDebInfo|x86.ActiveCfg = Release|Win32
		{C4C76A8D-44C5-4452-9F61-39C7E01CBDB4}.RelWithDebInfo|x86.Build.0 = Release|Win32
		{3EA5F14D-2A71-4588-A69D-87C4571C580F}.Debug|Any CPU.ActiveCfg = Debug|Win32
		{3EA5F14D-2A71-4588-A69D-87C4571C580F}.Debug|Mixed Platforms.ActiveCfg = Debug|Win32
		{3EA5F14D-2A71-4588-A69D-87C4571C580F}.Debug|Mixed Platforms.Build.0 = Debug|Win32
		{3EA5F14D-2A71-4588-A69D-87C4571C580F}.Debug|Win32.ActiveCfg = Debug|Win32
		{3EA5F14D-2A71-4588-A69D-87C4571C580F}.Debug|Win32.Build.0 = Debug|Win32
		{3EA5F14D-2A71-4588-A69D-87C4571C580F}.Debug|x64.ActiveCfg = Debug|x64
		{3EA5F14D-2A71-4588-A69D-87C4571C580F}.Debug|x64.Build.0 = Debug|x64
		{3EA5F14D-2A71-4588-A69D-87C4571C580F}.Debug|x86.ActiveCfg = Debug|Win32
		{3EA5F14D-2A71-4588-A69D-87C4571C580F}.Debug|x86.Build.0 = Debug|Win32
		{3EA5F14D-2A71-4588-A69D-87C4571C580F}.MinSizeRel|Any CPU.ActiveCfg = Release|Win32
		{3EA5F14D-2A71-4588-A69D-87C4571C580F}.MinSizeRel|Mixed Platforms.ActiveCfg = Release|Win32
		{3EA5F14D-2A71-4588-A69D-87C4571C580F}.MinSizeRel|Mixed Platforms.Build.0 = Release|Win32
		{3EA5F14D-2A71-4588-A69D-87C4571C580F}.MinSizeRel|Win32.ActiveCfg = Release|Win32
		{3EA5F14D-2A71-4588-A69D-87C4571C580F}.MinSizeRel|Win32.Build.0 = Release|Win32
		{3EA5F14D-2A71-4588-A69D-87C4571C580F}.MinSizeRel|x64.ActiveCfg = Release|x64
		{3EA5F14D-2A71-4588-A69D-87C4571C580F}.MinSizeRel|x64.Build.0 = Release|x64
		{3EA5F14D-2A71-4588-A69D-87C4571C580F}.MinSizeRel|x86.ActiveCfg = Release|Win32
		{3EA5F14D-2A71-4588-A69D-87C4571C580F}.MinSizeRel|x86.Build.0 = Release|Win32
		{3EA5F14D-2A71-4588-A69D-87C4571C580F}.Release|Any CPU.ActiveCfg = Release|Win32
		{3EA5F14D-2A71-4588-A69D-87C4571C580F}.Release|Mixed Platforms.ActiveCfg = Release|Win32
		{3EA5F14D-2A71-4588-A69D-87C4571C580F}.Release|Mixed Platforms.Build.0 = Release|Win32
		{3EA5F14D-2A71-4588-A69D-87C4571C580F}.Release|Win32.ActiveCfg = Release|Win32
		{3EA5F14D-2A71-4588-A69D-87C4571C580F}.Release|Win32.Build.0 = Release|Win32
		{3EA5F14D-2A71-4588-A69D-87C4571C580F}.Release|x64.ActiveCfg = Release|x64
		{3EA5F14D-2A71-4588-A69D-87C4571C580F}.Release|x64.Build.0 = Release|x64
		{3EA5F14D-2A71-4588-A69D-87C4571C580F}.Release|x86.ActiveCfg = Release|Win32
		{3EA5F14D-2A71-4588-A69D-87C4571C580F}.Release|x86.Build.0 = Release|Win32
		{3EA5F14D-2A71-4588-A69D-87C4571C580F}.RelWithDebInfo|Any CPU.ActiveCfg = Release|Win32
		{3EA5F14D-2A71-4588-A69D-87C4571C580F}.RelWithDebInfo|Mixed Platforms.ActiveCfg = Release|Win32
		{3EA5F14D-2A71-4588-A69D-87C4571C580F}.RelWithDebInfo|Mixed Platforms.Build.0 = Release|Win32
		{3EA5F14D-2A71-4588-A69D-87C4571C580F}.RelWithDebInfo|Win32.ActiveCfg = Release|Win32
		{3EA5F14D-2A71-4588-A69D-87C4571C580F}.RelWithDebInfo|Win32.Build.0 = Release|Win32
		{3EA5F14D-2A71-4588-A69D-87C4571C580F}.RelWithDebInfo|x64.ActiveCfg = Release|x64
		{3EA5F14D-2A71-4588-A69D-87C4571C580F}.RelWithDebInfo|x64.Build.0 = Release|x64
		{3EA5F14D-2A71-4588-A69D-87C4571C580F}.RelWithDebInfo|x86.ActiveCfg = Release|Win32
		{3EA5F14D-2A71-4588-A69D-87C4571C580F}.RelWithDebInfo|x86.Build.0 = Release|Win32
		{7E3990D2-3D94-465C-B58D-64A74B3ECF9B}.Debug|Any CPU.ActiveCfg = Debug|Win32
		{7E3990D2-3D94-465C-B58D-64A74B3ECF9B}.Debug|Mixed Platforms.ActiveCfg = Debug|Win32
		{7E3990D2-3D94-465C-B58D-64A74B3ECF9B}.Debug|Mixed Platforms.Build.0 = Debug|Win32
		{7E3990D2-3D94-465C-B58D-64A74B3ECF9B}.Debug|Win32.ActiveCfg = Debug|Win32
		{7E3990D2-3D94-465C-B58D-64A74B3ECF9B}.Debug|Win32.Build.0 = Debug|Win32
		{7E3990D2-3D94-465C-B58D-64A74B3ECF9B}.Debug|x64.ActiveCfg = Debug|x64
		{7E3990D2-3D94-465C-B58D-64A74B3ECF9B}.Debug|x64.Build.0 = Debug|x64
		{7E3990D2-3D94-465C-B58D-64A74B3ECF9B}.Debug|x86.ActiveCfg = Debug|Win32
		{7E3990D2-3D94-465C-B58D-64A74B3ECF9B}.Debug|x86.Build.0 = Debug|Win32
		{7E3990D2-3D94-465C-B58D-64A74B3ECF9B}.MinSizeRel|Any CPU.ActiveCfg = Release|Win32
		{7E3990D2-3D94-465C-B58D-64A74B3ECF9B}.MinSizeRel|Mixed Platforms.ActiveCfg = Release|Win32
		{7E3990D2-3D94-465C-B58D-64A74B3ECF9B}.MinSizeRel|Mixed Platforms.Build.0 = Release|Win32
		{7E3990D2-3D94-465C-B58D-64A74B3ECF9B}.MinSizeRel|Win32.ActiveCfg = Release|Win32
		{7E3990D2-3D94-465C-B58D-64A74B3ECF9B}.MinSizeRel|Win32.Build.0 = Release|Win32
		{7E3990D2-3D94-465C-B58D-64A74B3ECF9B}.MinSizeRel|x64.ActiveCfg = Release|x64
		{7E3990D2-3D94-465C-B58D-64A74B3ECF9B}.MinSizeRel|x64.Build.0 = Release|x64
		{7E3990D2-3D94-465C-B58D-64A74B3ECF9B}.MinSizeRel|x86.ActiveCfg = Release|Win32
		{7E3990D2-3D94-465C-B58D-64A74B3ECF9B}.MinSizeRel|x86.Build.0 = Release|Win32
		{7E3990D2-3D94-465C-B58D-64A74B3ECF9B}.Release|Any CPU.ActiveCfg = Release|Win32
		{7E3990D2-3D94-465C-B58D-64A74B3ECF9B}.Release|Mixed Platforms.ActiveCfg = Release|Win32
		{7E3990D2-3D94-465C-B58D-64A74B3ECF9B}.Release|Mixed Platforms.Build.0 = Release|Win32
		{7E3990D2-3D94-465C-B58D-64A74B3ECF9B}.Release|Win32.ActiveCfg = Release|Win32
		{7E3990D2-3D94-465C-B58D-64A74B3ECF9B}.Release|Win32.Build.0 = Release|Win32
		{7E3990D2-3D94-465C-B58D-64A74B3ECF9B}.Release|x64.ActiveCfg = Release|x64
		{7E3990D2-3D94-465C-B58D-64A74B3ECF9B}.Release|x64.Build.0 = Release|x64
		{7E3990D2-3D94-465C-B58D-64A74B3ECF9B}.Release|x86.ActiveCfg = Release|Win32
		{7E3990D2-3D94-465C-B58D-64A74B3ECF9B}.Release|x86.Build.0 = Release|Win32
		{7E3990D2-3D94-465C-B58D-64A74B3ECF9B}.RelWithDebInfo|Any CPU.ActiveCfg = Release|Win32
		{7E3990D2-3D94-465C-B58D-64A74B3ECF9B}.RelWithDebInfo|Mixed Platforms.ActiveCfg = Release|Win32
		{7E3990D2-3D94-465C-B58D-64A74B3ECF9B}.RelWithDebInfo|Mixed Platforms.Build.0 = Release|Win32
		{7E3990D2-3D94-465C-B58D-64A74B3ECF9B}.RelWithDebInfo|Win32.ActiveCfg = Release|Win32
		{7E3990D2-3D94-465C-B58D-64A74B3ECF9B}.RelWithDebInfo|Win32.Build.0 = Release|Win32
		{7E3990D2-3D94-465C-B58D-64A74B3ECF9B}.RelWithDebInfo|x64.ActiveCfg = Release|x64
		{7E3990D2-3D94-465C-B58D-64A74B3ECF9B}.RelWithDebInfo|x64.Build.0 = Release|x64
		{7E3990D2-3D94-465C-B58D-64A74B3ECF9B}.RelWithDebInfo|x86.ActiveCfg = Release|Win32
		{7E3990D2-3D94-465C-B58D-64A74B3ECF9B}.RelWithDebInfo|x86.Build.0 = Release|Win32
		{F10CBC03-9809-4CBA-95D8-327C287B18EE}.Debug|Any CPU.ActiveCfg = Debug|Win32
		{F10CBC03-9809-4CBA-95D8-327C287B18EE}.Debug|Mixed Platforms.ActiveCfg = Debug|Win32
		{F10CBC03-9809-4CBA-95D8-327C287B18EE}.Debug|Mixed Platforms.Build.0 = Debug|Win32
		{F10CBC03-9809-4CBA-95D8-327C287B18EE}.Debug|Win32.ActiveCfg = Debug|Win32
		{F10CBC03-9809-4CBA-95D8-327C287B18EE}.Debug|Win32.Build.0 = Debug|Win32
		{F10CBC03-9809-4CBA-95D8-327C287B18EE}.Debug|x64.ActiveCfg = Debug|x64
		{F10CBC03-9809-4CBA-95D8-327C287B18EE}.Debug|x64.Build.0 = Debug|x64
		{F10CBC03-9809-4CBA-95D8-327C287B18EE}.Debug|x86.ActiveCfg = Debug|Win32
		{F10CBC03-9809-4CBA-95D8-327C287B18EE}.Debug|x86.Build.0 = Debug|Win32
		{F10CBC03-9809-4CBA-95D8-327C287B18EE}.MinSizeRel|Any CPU.ActiveCfg = Release|Win32
		{F10CBC03-9809-4CBA-95D8-327C287B18EE}.MinSizeRel|Mixed Platforms.ActiveCfg = Release|Win32
		{F10CBC03-9809-4CBA-95D8-327C287B18EE}.MinSizeRel|Mixed Platforms.Build.0 = Release|Win32
		{F10CBC03-9809-4CBA-95D8-327C287B18EE}.MinSizeRel|Win32.ActiveCfg = Release|Win32
		{F10CBC03-9809-4CBA-95D8-327C287B18EE}.MinSizeRel|Win32.Build.0 = Release|Win32
		{F10CBC03-9809-4CBA-95D8-327C287B18EE}.MinSizeRel|x64.ActiveCfg = Release|x64
		{F10CBC03-9809-4CBA-95D8-327C287B18EE}.MinSizeRel|x64.Build.0 = Release|x64
		{F10CBC03-9809-4CBA-95D8-327C287B18EE}.MinSizeRel|x86.ActiveCfg = Release|Win32
		{F10CBC03-9809-4CBA-95D8-327C287B18EE}.MinSizeRel|x86.Build.0 = Release|Win32
		{F10CBC03-9809-4CBA-95D8-327C287B18EE}.Release|Any CPU.ActiveCfg = Release|Win32
		{F10CBC03-9809-4CBA-95D8-327C287B18EE}.Release|Mixed Platforms.ActiveCfg = Release|Win32
		{F10CBC03-9809-4CBA-95D8-327C287B18EE}.Release|Mixed Platforms.Build.0 = Release|Win32
		{F10CBC03-9809-4CBA-95D8-327C287B18EE}.Release|Win32.ActiveCfg = Release|Win32
		{F10CBC03-9809-4CBA-95D8-327C287B18EE}.Release|Win32.Build.0 = Release|Win32
		{F10CBC03-9809-4CBA-95D8-327C287B18EE}.Release|x64.ActiveCfg = Release|x64
		{F10CBC03-9809-4CBA-95D8-327C287B18EE}.Release|x64.Build.0 = Release|x64
		{F10CBC03-9809-4CBA-95D8-327C287B18EE}.Release|x86.ActiveCfg = Release|Win32
		{F10CBC03-9809-4CBA-95D8-327C287B18EE}.Release|x86.Build.0 = Release|Win32
		{F10CBC03-9809-4CBA-95D8-327C287B18EE}.RelWithDebInfo|Any CPU.ActiveCfg = Release|Win32
		{F10CBC03-9809-4CBA-95D8-327C287B18EE}.RelWithDebInfo|Mixed Platforms.ActiveCfg = Release|Win32
		{F10CBC03-9809-4CBA-95D8-327C287B18EE}.RelWithDebInfo|Mixed Platforms.Build.0 = Release|Win32
		{F10CBC03-9809-4CBA-95D8-327C287B18EE}.RelWithDebInfo|Win32.ActiveCfg = Release|Win32
		{F10CBC03-9809-4CBA-95D8-327C287B18EE}.RelWithDebInfo|Win32.Build.0 = Release|Win32
		{F10CBC03-9809-4CBA-95D8-327C287B18EE}.RelWithDebInfo|x64.ActiveCfg = Release|x64
		{F10CBC03-9809-4CBA-95D8-327C287B18EE}.RelWithDebInfo|x64.Build.0 = Release|x64
		{F10CBC03-9809-4CBA-95D8-327C287B18EE}.RelWithDebInfo|x86.ActiveCfg = Release|Win32
		{F10CBC03-9809-4CBA-95D8-327C287B18EE}.RelWithDebInfo|x86.Build.0 = Release|Win32
		{35AEA3C0-E0A7-4E1E-88CD-514AA5A442B1}.Debug|Any CPU.ActiveCfg = Debug|Win32
		{35AEA3C0-E0A7-4E1E-88CD-514AA5A442B1}.Debug|Mixed Platforms.ActiveCfg = Debug|Win32
		{35AEA3C0-E0A7-4E1E-88CD-514AA5A442B1}.Debug|Mixed Platforms.Build.0 = Debug|Win32
		{35AEA3C0-E0A7-4E1E-88CD-514AA5A442B1}.Debug|Win32.ActiveCfg = Debug|Win32
		{35AEA3C0-E0A7-4E1E-88CD-514AA5A442B1}.Debug|Win32.Build.0 = Debug|Win32
		{35AEA3C0-E0A7-4E1E-88CD-514AA5A442B1}.Debug|x64.ActiveCfg = Debug|x64
		{35AEA3C0-E0A7-4E1E-88CD-514AA5A442B1}.Debug|x64.Build.0 = Debug|x64
		{35AEA3C0-E0A7-4E1E-88CD-514AA5A442B1}.Debug|x86.ActiveCfg = Debug|Win32
		{35AEA3C0-E0A7-4E1E-88CD-514AA5A442B1}.Debug|x86.Build.0 = Debug|Win32
		{35AEA3C0-E0A7-4E1E-88CD-514AA5A442B1}.MinSizeRel|Any CPU.ActiveCfg = Release|Win32
		{35AEA3C0-E0A7-4E1E-88CD-514AA5A442B1}.MinSizeRel|Mixed Platforms.ActiveCfg = Release|Win32
		{35AEA3C0-E0A7-4E1E-88CD-514AA5A442B1}.MinSizeRel|Mixed Platforms.Build.0 = Release|Win32
		{35AEA3C0-E0A7-4E1E-88CD-514AA5A442B1}.MinSizeRel|Win32.ActiveCfg = Release|Win32
		{35AEA3C0-E0A7-4E1E-88CD-514AA5A442B1}.MinSizeRel|Win32.Build.0 = Release|Win32
		{35AEA3C0-E0A7-4E1E-88CD-514AA5A442B1}.MinSizeRel|x64.ActiveCfg = Release|x64
		{35AEA3C0-E0A7-4E1E-88CD-514AA5A442B1}.MinSizeRel|x64.Build.0 = Release|x64
		{35AEA3C0-E0A7-4E1E-88CD-514AA5A442B1}.MinSizeRel|x86.ActiveCfg = Release|Win32
		{35AEA3C0-E0A7-4E1E-88CD-514AA5A442B1}.MinSizeRel|x86.Build.0 = Release|Win32
		{35AEA3C0-E0A7-4E1E-88CD-514AA5A442B1}.Release|Any CPU.ActiveCfg = Release|Win32
		{35AEA3C0-E0A7-4E1E-88CD-514AA5A442B1}.Release|Mixed Platforms.ActiveCfg = Release|Win32
		{35AEA3C0-E0A7-4E1E-88CD-514AA5A442B1}.Release|Mixed Platforms.Build.0 = Release|Win32
		{35AEA3C0-E0A7-4E1E-88CD-514AA5A442B1}.Release|Win32.ActiveCfg = Release|Win32
		{35AEA3C0-E0A7-4E1E-88CD-514AA5A442B1}.Release|Win32.Build.0 = Release|Win32
		{35AEA3C0-E0A7-4E1E-88CD-514AA5A442B1}.Release|x64.ActiveCfg = Release|x64
		{35AEA3C0-E0A7-4E1E-88CD-514AA5A442B1}.Release|x64.Build.0 = Release|x64
		{35AEA3C0-E0A7-4E1E-88CD-514AA5A442B1}.Release|x86.ActiveCfg = Release|Win32
		{35AEA3C0-E0A7-4E1E-88CD-514AA5A442B1}.Release|x86.Build.0 = Release|Win32
		{35AEA3C0-E0A7-4E1E-88CD-514AA5A442B1}.RelWithDebInfo|Any CPU.ActiveCfg = Release|Win32
		{35AEA3C0-E0A7-4E1E-88CD-514AA5A442B1}.RelWithDebInfo|Mixed Platforms.ActiveCfg = Release|Win32
		{35AEA3C0-E0A7-4E1E-88CD-514AA5A442B1}.RelWithDebInfo|Mixed Platforms.Build.0 = Release|Win32
		{35AEA3C0-E0A7-4E1E-88CD-514AA5A442B1}.RelWithDebInfo|Win32.ActiveCfg = Release|Win32
		{35AEA3C0-E0A7-4E1E-88CD-514AA5A442B1}.RelWithDebInfo|Win32.Build.0 = Release|Win32
		{35AEA3C0-E0A7-4E1E-88CD-514AA5A442B1}.RelWithDebInfo|x64.ActiveCfg = Release|x64
		{35AEA3C0-E0A7-4E1E-88CD-514AA5A442B1}.RelWithDebInfo|x64.Build.0 = Release|x64
		{35AEA3C0-E0A7-4E1E-88CD-514AA5A442B1}.RelWithDebInfo|x86.ActiveCfg = Release|Win32
		{35AEA3C0-E0A7-4E1E-88CD-514AA5A442B1}.RelWithDebInfo|x86.Build.0 = Release|Win32
		{604A12A7-07BF-4482-BDF3-7101C811F121}.Debug|Any CPU.ActiveCfg = Debug|Any CPU
		{604A12A7-07BF-4482-BDF3-7101C811F121}.Debug|Any CPU.Build.0 = Debug|Any CPU
		{604A12A7-07BF-4482-BDF3-7101C811F121}.Debug|Mixed Platforms.ActiveCfg = Debug|x86
		{604A12A7-07BF-4482-BDF3-7101C811F121}.Debug|Mixed Platforms.Build.0 = Debug|x86
		{604A12A7-07BF-4482-BDF3-7101C811F121}.Debug|Win32.ActiveCfg = Debug|x86
		{604A12A7-07BF-4482-BDF3-7101C811F121}.Debug|Win32.Build.0 = Debug|x86
		{604A12A7-07BF-4482-BDF3-7101C811F121}.Debug|x64.ActiveCfg = Debug|x64
		{604A12A7-07BF-4482-BDF3-7101C811F121}.Debug|x64.Build.0 = Debug|x64
		{604A12A7-07BF-4482-BDF3-7101C811F121}.Debug|x86.ActiveCfg = Debug|x86
		{604A12A7-07BF-4482-BDF3-7101C811F121}.Debug|x86.Build.0 = Debug|x86
		{604A12A7-07BF-4482-BDF3-7101C811F121}.MinSizeRel|Any CPU.ActiveCfg = Release|Any CPU
		{604A12A7-07BF-4482-BDF3-7101C811F121}.MinSizeRel|Any CPU.Build.0 = Release|Any CPU
		{604A12A7-07BF-4482-BDF3-7101C811F121}.MinSizeRel|Mixed Platforms.ActiveCfg = Release|x86
		{604A12A7-07BF-4482-BDF3-7101C811F121}.MinSizeRel|Mixed Platforms.Build.0 = Release|x86
		{604A12A7-07BF-4482-BDF3-7101C811F121}.MinSizeRel|Win32.ActiveCfg = Release|x86
		{604A12A7-07BF-4482-BDF3-7101C811F121}.MinSizeRel|Win32.Build.0 = Release|x86
		{604A12A7-07BF-4482-BDF3-7101C811F121}.MinSizeRel|x64.ActiveCfg = Release|x64
		{604A12A7-07BF-4482-BDF3-7101C811F121}.MinSizeRel|x64.Build.0 = Release|x64
		{604A12A7-07BF-4482-BDF3-7101C811F121}.MinSizeRel|x86.ActiveCfg = Release|x86
		{604A12A7-07BF-4482-BDF3-7101C811F121}.MinSizeRel|x86.Build.0 = Release|x86
		{604A12A7-07BF-4482-BDF3-7101C811F121}.Release|Any CPU.ActiveCfg = Release|Any CPU
		{604A12A7-07BF-4482-BDF3-7101C811F121}.Release|Any CPU.Build.0 = Release|Any CPU
		{604A12A7-07BF-4482-BDF3-7101C811F121}.Release|Mixed Platforms.ActiveCfg = Release|x86
		{604A12A7-07BF-4482-BDF3-7101C811F121}.Release|Mixed Platforms.Build.0 = Release|x86
		{604A12A7-07BF-4482-BDF3-7101C811F121}.Release|Win32.ActiveCfg = Release|x86
		{604A12A7-07BF-4482-BDF3-7101C811F121}.Release|Win32.Build.0 = Release|x86
		{604A12A7-07BF-4482-BDF3-7101C811F121}.Release|x64.ActiveCfg = Release|x64
		{604A12A7-07BF-4482-BDF3-7101C811F121}.Release|x64.Build.0 = Release|x64
		{604A12A7-07BF-4482-BDF3-7101C811F121}.Release|x86.ActiveCfg = Release|x86
		{604A12A7-07BF-4482-BDF3-7101C811F121}.Release|x86.Build.0 = Release|x86
		{604A12A7-07BF-4482-BDF3-7101C811F121}.RelWithDebInfo|Any CPU.ActiveCfg = Release|Any CPU
		{604A12A7-07BF-4482-BDF3-7101C811F121}.RelWithDebInfo|Any CPU.Build.0 = Release|Any CPU
		{604A12A7-07BF-4482-BDF3-7101C811F121}.RelWithDebInfo|Mixed Platforms.ActiveCfg = Release|x86
		{604A12A7-07BF-4482-BDF3-7101C811F121}.RelWithDebInfo|Mixed Platforms.Build.0 = Release|x86
		{604A12A7-07BF-4482-BDF3-7101C811F121}.RelWithDebInfo|Win32.ActiveCfg = Release|x86
		{604A12A7-07BF-4482-BDF3-7101C811F121}.RelWithDebInfo|Win32.Build.0 = Release|x86
		{604A12A7-07BF-4482-BDF3-7101C811F121}.RelWithDebInfo|x64.ActiveCfg = Release|x64
		{604A12A7-07BF-4482-BDF3-7101C811F121}.RelWithDebInfo|x64.Build.0 = Release|x64
		{604A12A7-07BF-4482-BDF3-7101C811F121}.RelWithDebInfo|x86.ActiveCfg = Release|x86
		{604A12A7-07BF-4482-BDF3-7101C811F121}.RelWithDebInfo|x86.Build.0 = Release|x86
		{C8CBA520-5D7D-4D61-A8DA-6E05FD132BCB}.Debug|Any CPU.ActiveCfg = Debug|Win32
		{C8CBA520-5D7D-4D61-A8DA-6E05FD132BCB}.Debug|Mixed Platforms.ActiveCfg = Debug|Win32
		{C8CBA520-5D7D-4D61-A8DA-6E05FD132BCB}.Debug|Mixed Platforms.Build.0 = Debug|Win32
		{C8CBA520-5D7D-4D61-A8DA-6E05FD132BCB}.Debug|Win32.ActiveCfg = Debug|Win32
		{C8CBA520-5D7D-4D61-A8DA-6E05FD132BCB}.Debug|Win32.Build.0 = Debug|Win32
		{C8CBA520-5D7D-4D61-A8DA-6E05FD132BCB}.Debug|x64.ActiveCfg = Debug|x64
		{C8CBA520-5D7D-4D61-A8DA-6E05FD132BCB}.Debug|x64.Build.0 = Debug|x64
		{C8CBA520-5D7D-4D61-A8DA-6E05FD132BCB}.Debug|x86.ActiveCfg = Debug|Win32
		{C8CBA520-5D7D-4D61-A8DA-6E05FD132BCB}.Debug|x86.Build.0 = Debug|Win32
		{C8CBA520-5D7D-4D61-A8DA-6E05FD132BCB}.MinSizeRel|Any CPU.ActiveCfg = Release|Win32
		{C8CBA520-5D7D-4D61-A8DA-6E05FD132BCB}.MinSizeRel|Mixed Platforms.ActiveCfg = Release|Win32
		{C8CBA520-5D7D-4D61-A8DA-6E05FD132BCB}.MinSizeRel|Mixed Platforms.Build.0 = Release|Win32
		{C8CBA520-5D7D-4D61-A8DA-6E05FD132BCB}.MinSizeRel|Win32.ActiveCfg = Release|Win32
		{C8CBA520-5D7D-4D61-A8DA-6E05FD132BCB}.MinSizeRel|Win32.Build.0 = Release|Win32
		{C8CBA520-5D7D-4D61-A8DA-6E05FD132BCB}.MinSizeRel|x64.ActiveCfg = Release|x64
		{C8CBA520-5D7D-4D61-A8DA-6E05FD132BCB}.MinSizeRel|x64.Build.0 = Release|x64
		{C8CBA520-5D7D-4D61-A8DA-6E05FD132BCB}.MinSizeRel|x86.ActiveCfg = Release|Win32
		{C8CBA520-5D7D-4D61-A8DA-6E05FD132BCB}.MinSizeRel|x86.Build.0 = Release|Win32
		{C8CBA520-5D7D-4D61-A8DA-6E05FD132BCB}.Release|Any CPU.ActiveCfg = Release|Win32
		{C8CBA520-5D7D-4D61-A8DA-6E05FD132BCB}.Release|Mixed Platforms.ActiveCfg = Release|Win32
		{C8CBA520-5D7D-4D61-A8DA-6E05FD132BCB}.Release|Mixed Platforms.Build.0 = Release|Win32
		{C8CBA520-5D7D-4D61-A8DA-6E05FD132BCB}.Release|Win32.ActiveCfg = Release|Win32
		{C8CBA520-5D7D-4D61-A8DA-6E05FD132BCB}.Release|Win32.Build.0 = Release|Win32
		{C8CBA520-5D7D-4D61-A8DA-6E05FD132BCB}.Release|x64.ActiveCfg = Release|x64
		{C8CBA520-5D7D-4D61-A8DA-6E05FD132BCB}.Release|x64.Build.0 = Release|x64
		{C8CBA520-5D7D-4D61-A8DA-6E05FD132BCB}.Release|x86.ActiveCfg = Release|Win32
		{C8CBA520-5D7D-4D61-A8DA-6E05FD132BCB}.Release|x86.Build.0 = Release|Win32
		{C8CBA520-5D7D-4D61-A8DA-6E05FD132BCB}.RelWithDebInfo|Any CPU.ActiveCfg = Release|Win32
		{C8CBA520-5D7D-4D61-A8DA-6E05FD132BCB}.RelWithDebInfo|Mixed Platforms.ActiveCfg = Release|Win32
		{C8CBA520-5D7D-4D61-A8DA-6E05FD132BCB}.RelWithDebInfo|Mixed Platforms.Build.0 = Release|Win32
		{C8CBA520-5D7D-4D61-A8DA-6E05FD132BCB}.RelWithDebInfo|Win32.ActiveCfg = Release|Win32
		{C8CBA520-5D7D-4D61-A8DA-6E05FD132BCB}.RelWithDebInfo|Win32.Build.0 = Release|Win32
		{C8CBA520-5D7D-4D61-A8DA-6E05FD132BCB}.RelWithDebInfo|x64.ActiveCfg = Release|x64
		{C8CBA520-5D7D-4D61-A8DA-6E05FD132BCB}.RelWithDebInfo|x64.Build.0 = Release|x64
		{C8CBA520-5D7D-4D61-A8DA-6E05FD132BCB}.RelWithDebInfo|x86.ActiveCfg = Release|Win32
		{C8CBA520-5D7D-4D61-A8DA-6E05FD132BCB}.RelWithDebInfo|x86.Build.0 = Release|Win32
		{8690FDDF-C5B7-4C42-A337-BD5243F29B85}.Debug|Any CPU.ActiveCfg = Debug|Win32
		{8690FDDF-C5B7-4C42-A337-BD5243F29B85}.Debug|Mixed Platforms.ActiveCfg = Debug|Win32
		{8690FDDF-C5B7-4C42-A337-BD5243F29B85}.Debug|Mixed Platforms.Build.0 = Debug|Win32
		{8690FDDF-C5B7-4C42-A337-BD5243F29B85}.Debug|Win32.ActiveCfg = Debug|Win32
		{8690FDDF-C5B7-4C42-A337-BD5243F29B85}.Debug|Win32.Build.0 = Debug|Win32
		{8690FDDF-C5B7-4C42-A337-BD5243F29B85}.Debug|x64.ActiveCfg = Debug|x64
		{8690FDDF-C5B7-4C42-A337-BD5243F29B85}.Debug|x64.Build.0 = Debug|x64
		{8690FDDF-C5B7-4C42-A337-BD5243F29B85}.Debug|x86.ActiveCfg = Debug|Win32
		{8690FDDF-C5B7-4C42-A337-BD5243F29B85}.Debug|x86.Build.0 = Debug|Win32
		{8690FDDF-C5B7-4C42-A337-BD5243F29B85}.MinSizeRel|Any CPU.ActiveCfg = Release|Win32
		{8690FDDF-C5B7-4C42-A337-BD5243F29B85}.MinSizeRel|Mixed Platforms.ActiveCfg = Release|Win32
		{8690FDDF-C5B7-4C42-A337-BD5243F29B85}.MinSizeRel|Mixed Platforms.Build.0 = Release|Win32
		{8690FDDF-C5B7-4C42-A337-BD5243F29B85}.MinSizeRel|Win32.ActiveCfg = Release|Win32
		{8690FDDF-C5B7-4C42-A337-BD5243F29B85}.MinSizeRel|Win32.Build.0 = Release|Win32
		{8690FDDF-C5B7-4C42-A337-BD5243F29B85}.MinSizeRel|x64.ActiveCfg = Release|x64
		{8690FDDF-C5B7-4C42-A337-BD5243F29B85}.MinSizeRel|x64.Build.0 = Release|x64
		{8690FDDF-C5B7-4C42-A337-BD5243F29B85}.MinSizeRel|x86.ActiveCfg = Release|Win32
		{8690FDDF-C5B7-4C42-A337-BD5243F29B85}.MinSizeRel|x86.Build.0 = Release|Win32
		{8690FDDF-C5B7-4C42-A337-BD5243F29B85}.Release|Any CPU.ActiveCfg = Release|Win32
		{8690FDDF-C5B7-4C42-A337-BD5243F29B85}.Release|Mixed Platforms.ActiveCfg = Release|Win32
		{8690FDDF-C5B7-4C42-A337-BD5243F29B85}.Release|Mixed Platforms.Build.0 = Release|Win32
		{8690FDDF-C5B7-4C42-A337-BD5243F29B85}.Release|Win32.ActiveCfg = Release|Win32
		{8690FDDF-C5B7-4C42-A337-BD5243F29B85}.Release|Win32.Build.0 = Release|Win32
		{8690FDDF-C5B7-4C42-A337-BD5243F29B85}.Release|x64.ActiveCfg = Release|x64
		{8690FDDF-C5B7-4C42-A337-BD5243F29B85}.Release|x64.Build.0 = Release|x64
		{8690FDDF-C5B7-4C42-A337-BD5243F29B85}.Release|x86.ActiveCfg = Release|Win32
		{8690FDDF-C5B7-4C42-A337-BD5243F29B85}.Release|x86.Build.0 = Release|Win32
		{8690FDDF-C5B7-4C42-A337-BD5243F29B85}.RelWithDebInfo|Any CPU.ActiveCfg = Release|Win32
		{8690FDDF-C5B7-4C42-A337-BD5243F29B85}.RelWithDebInfo|Mixed Platforms.ActiveCfg = Release|Win32
		{8690FDDF-C5B7-4C42-A337-BD5243F29B85}.RelWithDebInfo|Mixed Platforms.Build.0 = Release|Win32
		{8690FDDF-C5B7-4C42-A337-BD5243F29B85}.RelWithDebInfo|Win32.ActiveCfg = Release|Win32
		{8690FDDF-C5B7-4C42-A337-BD5243F29B85}.RelWithDebInfo|Win32.Build.0 = Release|Win32
		{8690FDDF-C5B7-4C42-A337-BD5243F29B85}.RelWithDebInfo|x64.ActiveCfg = Release|x64
		{8690FDDF-C5B7-4C42-A337-BD5243F29B85}.RelWithDebInfo|x64.Build.0 = Release|x64
		{8690FDDF-C5B7-4C42-A337-BD5243F29B85}.RelWithDebInfo|x86.ActiveCfg = Release|Win32
		{8690FDDF-C5B7-4C42-A337-BD5243F29B85}.RelWithDebInfo|x86.Build.0 = Release|Win32
		{2A1BC987-AF42-4500-802D-89CD32FC1309}.Debug|Any CPU.ActiveCfg = Debug|Win32
		{2A1BC987-AF42-4500-802D-89CD32FC1309}.Debug|Mixed Platforms.ActiveCfg = Debug|Win32
		{2A1BC987-AF42-4500-802D-89CD32FC1309}.Debug|Mixed Platforms.Build.0 = Debug|Win32
		{2A1BC987-AF42-4500-802D-89CD32FC1309}.Debug|Win32.ActiveCfg = Debug|Win32
		{2A1BC987-AF42-4500-802D-89CD32FC1309}.Debug|Win32.Build.0 = Debug|Win32
		{2A1BC987-AF42-4500-802D-89CD32FC1309}.Debug|x64.ActiveCfg = Debug|x64
		{2A1BC987-AF42-4500-802D-89CD32FC1309}.Debug|x64.Build.0 = Debug|x64
		{2A1BC987-AF42-4500-802D-89CD32FC1309}.Debug|x86.ActiveCfg = Debug|Win32
		{2A1BC987-AF42-4500-802D-89CD32FC1309}.Debug|x86.Build.0 = Debug|Win32
		{2A1BC987-AF42-4500-802D-89CD32FC1309}.MinSizeRel|Any CPU.ActiveCfg = Release|Win32
		{2A1BC987-AF42-4500-802D-89CD32FC1309}.MinSizeRel|Mixed Platforms.ActiveCfg = Release|Win32
		{2A1BC987-AF42-4500-802D-89CD32FC1309}.MinSizeRel|Mixed Platforms.Build.0 = Release|Win32
		{2A1BC987-AF42-4500-802D-89CD32FC1309}.MinSizeRel|Win32.ActiveCfg = Release|Win32
		{2A1BC987-AF42-4500-802D-89CD32FC1309}.MinSizeRel|Win32.Build.0 = Release|Win32
		{2A1BC987-AF42-4500-802D-89CD32FC1309}.MinSizeRel|x64.ActiveCfg = Release|x64
		{2A1BC987-AF42-4500-802D-89CD32FC1309}.MinSizeRel|x64.Build.0 = Release|x64
		{2A1BC987-AF42-4500-802D-89CD32FC1309}.MinSizeRel|x86.ActiveCfg = Release|Win32
		{2A1BC987-AF42-4500-802D-89CD32FC1309}.MinSizeRel|x86.Build.0 = Release|Win32
		{2A1BC987-AF42-4500-802D-89CD32FC1309}.Release|Any CPU.ActiveCfg = Release|Win32
		{2A1BC987-AF42-4500-802D-89CD32FC1309}.Release|Mixed Platforms.ActiveCfg = Release|Win32
		{2A1BC987-AF42-4500-802D-89CD32FC1309}.Release|Mixed Platforms.Build.0 = Release|Win32
		{2A1BC987-AF42-4500-802D-89CD32FC1309}.Release|Win32.ActiveCfg = Release|Win32
		{2A1BC987-AF42-4500-802D-89CD32FC1309}.Release|Win32.Build.0 = Release|Win32
		{2A1BC987-AF42-4500-802D-89CD32FC1309}.Release|x64.ActiveCfg = Release|x64
		{2A1BC987-AF42-4500-802D-89CD32FC1309}.Release|x64.Build.0 = Release|x64
		{2A1BC987-AF42-4500-802D-89CD32FC1309}.Release|x86.ActiveCfg = Release|Win32
		{2A1BC987-AF42-4500-802D-89CD32FC1309}.Release|x86.Build.0 = Release|Win32
		{2A1BC987-AF42-4500-802D-89CD32FC1309}.RelWithDebInfo|Any CPU.ActiveCfg = Release|Win32
		{2A1BC987-AF42-4500-802D-89CD32FC1309}.RelWithDebInfo|Mixed Platforms.ActiveCfg = Release|Win32
		{2A1BC987-AF42-4500-802D-89CD32FC1309}.RelWithDebInfo|Mixed Platforms.Build.0 = Release|Win32
		{2A1BC987-AF42-4500-802D-89CD32FC1309}.RelWithDebInfo|Win32.ActiveCfg = Release|Win32
		{2A1BC987-AF42-4500-802D-89CD32FC1309}.RelWithDebInfo|Win32.Build.0 = Release|Win32
		{2A1BC987-AF42-4500-802D-89CD32FC1309}.RelWithDebInfo|x64.ActiveCfg = Release|x64
		{2A1BC987-AF42-4500-802D-89CD32FC1309}.RelWithDebInfo|x64.Build.0 = Release|x64
		{2A1BC987-AF42-4500-802D-89CD32FC1309}.RelWithDebInfo|x86.ActiveCfg = Release|Win32
		{2A1BC987-AF42-4500-802D-89CD32FC1309}.RelWithDebInfo|x86.Build.0 = Release|Win32
		{2EC4DDED-8F75-4C86-A10B-E1E8EB29F3EE}.Debug|Any CPU.ActiveCfg = Debug|Win32
		{2EC4DDED-8F75-4C86-A10B-E1E8EB29F3EE}.Debug|Mixed Platforms.ActiveCfg = Debug|Win32
		{2EC4DDED-8F75-4C86-A10B-E1E8EB29F3EE}.Debug|Mixed Platforms.Build.0 = Debug|Win32
		{2EC4DDED-8F75-4C86-A10B-E1E8EB29F3EE}.Debug|Win32.ActiveCfg = Debug|Win32
		{2EC4DDED-8F75-4C86-A10B-E1E8EB29F3EE}.Debug|Win32.Build.0 = Debug|Win32
		{2EC4DDED-8F75-4C86-A10B-E1E8EB29F3EE}.Debug|x64.ActiveCfg = Debug|x64
		{2EC4DDED-8F75-4C86-A10B-E1E8EB29F3EE}.Debug|x64.Build.0 = Debug|x64
		{2EC4DDED-8F75-4C86-A10B-E1E8EB29F3EE}.Debug|x86.ActiveCfg = Debug|Win32
		{2EC4DDED-8F75-4C86-A10B-E1E8EB29F3EE}.Debug|x86.Build.0 = Debug|Win32
		{2EC4DDED-8F75-4C86-A10B-E1E8EB29F3EE}.MinSizeRel|Any CPU.ActiveCfg = Release|Win32
		{2EC4DDED-8F75-4C86-A10B-E1E8EB29F3EE}.MinSizeRel|Mixed Platforms.ActiveCfg = Release|Win32
		{2EC4DDED-8F75-4C86-A10B-E1E8EB29F3EE}.MinSizeRel|Mixed Platforms.Build.0 = Release|Win32
		{2EC4DDED-8F75-4C86-A10B-E1E8EB29F3EE}.MinSizeRel|Win32.ActiveCfg = Release|Win32
		{2EC4DDED-8F75-4C86-A10B-E1E8EB29F3EE}.MinSizeRel|Win32.Build.0 = Release|Win32
		{2EC4DDED-8F75-4C86-A10B-E1E8EB29F3EE}.MinSizeRel|x64.ActiveCfg = Release|x64
		{2EC4DDED-8F75-4C86-A10B-E1E8EB29F3EE}.MinSizeRel|x64.Build.0 = Release|x64
		{2EC4DDED-8F75-4C86-A10B-E1E8EB29F3EE}.MinSizeRel|x86.ActiveCfg = Release|Win32
		{2EC4DDED-8F75-4C86-A10B-E1E8EB29F3EE}.MinSizeRel|x86.Build.0 = Release|Win32
		{2EC4DDED-8F75-4C86-A10B-E1E8EB29F3EE}.Release|Any CPU.ActiveCfg = Release|Win32
		{2EC4DDED-8F75-4C86-A10B-E1E8EB29F3EE}.Release|Mixed Platforms.ActiveCfg = Release|Win32
		{2EC4DDED-8F75-4C86-A10B-E1E8EB29F3EE}.Release|Mixed Platforms.Build.0 = Release|Win32
		{2EC4DDED-8F75-4C86-A10B-E1E8EB29F3EE}.Release|Win32.ActiveCfg = Release|Win32
		{2EC4DDED-8F75-4C86-A10B-E1E8EB29F3EE}.Release|Win32.Build.0 = Release|Win32
		{2EC4DDED-8F75-4C86-A10B-E1E8EB29F3EE}.Release|x64.ActiveCfg = Release|x64
		{2EC4DDED-8F75-4C86-A10B-E1E8EB29F3EE}.Release|x64.Build.0 = Release|x64
		{2EC4DDED-8F75-4C86-A10B-E1E8EB29F3EE}.Release|x86.ActiveCfg = Release|Win32
		{2EC4DDED-8F75-4C86-A10B-E1E8EB29F3EE}.Release|x86.Build.0 = Release|Win32
		{2EC4DDED-8F75-4C86-A10B-E1E8EB29F3EE}.RelWithDebInfo|Any CPU.ActiveCfg = Release|Win32
		{2EC4DDED-8F75-4C86-A10B-E1E8EB29F3EE}.RelWithDebInfo|Mixed Platforms.ActiveCfg = Release|Win32
		{2EC4DDED-8F75-4C86-A10B-E1E8EB29F3EE}.RelWithDebInfo|Mixed Platforms.Build.0 = Release|Win32
		{2EC4DDED-8F75-4C86-A10B-E1E8EB29F3EE}.RelWithDebInfo|Win32.ActiveCfg = Release|Win32
		{2EC4DDED-8F75-4C86-A10B-E1E8EB29F3EE}.RelWithDebInfo|Win32.Build.0 = Release|Win32
		{2EC4DDED-8F75-4C86-A10B-E1E8EB29F3EE}.RelWithDebInfo|x64.ActiveCfg = Release|x64
		{2EC4DDED-8F75-4C86-A10B-E1E8EB29F3EE}.RelWithDebInfo|x64.Build.0 = Release|x64
		{2EC4DDED-8F75-4C86-A10B-E1E8EB29F3EE}.RelWithDebInfo|x86.ActiveCfg = Release|Win32
		{2EC4DDED-8F75-4C86-A10B-E1E8EB29F3EE}.RelWithDebInfo|x86.Build.0 = Release|Win32
		{6391E709-D9FA-4FEF-A3B9-4343DB5A0C63}.Debug|Any CPU.ActiveCfg = Debug|Win32
		{6391E709-D9FA-4FEF-A3B9-4343DB5A0C63}.Debug|Mixed Platforms.ActiveCfg = Debug|Win32
		{6391E709-D9FA-4FEF-A3B9-4343DB5A0C63}.Debug|Mixed Platforms.Build.0 = Debug|Win32
		{6391E709-D9FA-4FEF-A3B9-4343DB5A0C63}.Debug|Win32.ActiveCfg = Debug|Win32
		{6391E709-D9FA-4FEF-A3B9-4343DB5A0C63}.Debug|Win32.Build.0 = Debug|Win32
		{6391E709-D9FA-4FEF-A3B9-4343DB5A0C63}.Debug|x64.ActiveCfg = Debug|x64
		{6391E709-D9FA-4FEF-A3B9-4343DB5A0C63}.Debug|x64.Build.0 = Debug|x64
		{6391E709-D9FA-4FEF-A3B9-4343DB5A0C63}.Debug|x86.ActiveCfg = Debug|Win32
		{6391E709-D9FA-4FEF-A3B9-4343DB5A0C63}.Debug|x86.Build.0 = Debug|Win32
		{6391E709-D9FA-4FEF-A3B9-4343DB5A0C63}.MinSizeRel|Any CPU.ActiveCfg = Release|Win32
		{6391E709-D9FA-4FEF-A3B9-4343DB5A0C63}.MinSizeRel|Mixed Platforms.ActiveCfg = Release|Win32
		{6391E709-D9FA-4FEF-A3B9-4343DB5A0C63}.MinSizeRel|Mixed Platforms.Build.0 = Release|Win32
		{6391E709-D9FA-4FEF-A3B9-4343DB5A0C63}.MinSizeRel|Win32.ActiveCfg = Release|Win32
		{6391E709-D9FA-4FEF-A3B9-4343DB5A0C63}.MinSizeRel|Win32.Build.0 = Release|Win32
		{6391E709-D9FA-4FEF-A3B9-4343DB5A0C63}.MinSizeRel|x64.ActiveCfg = Release|x64
		{6391E709-D9FA-4FEF-A3B9-4343DB5A0C63}.MinSizeRel|x64.Build.0 = Release|x64
		{6391E709-D9FA-4FEF-A3B9-4343DB5A0C63}.MinSizeRel|x86.ActiveCfg = Release|Win32
		{6391E709-D9FA-4FEF-A3B9-4343DB5A0C63}.MinSizeRel|x86.Build.0 = Release|Win32
		{6391E709-D9FA-4FEF-A3B9-4343DB5A0C63}.Release|Any CPU.ActiveCfg = Release|Win32
		{6391E709-D9FA-4FEF-A3B9-4343DB5A0C63}.Release|Mixed Platforms.ActiveCfg = Release|Win32
		{6391E709-D9FA-4FEF-A3B9-4343DB5A0C63}.Release|Mixed Platforms.Build.0 = Release|Win32
		{6391E709-D9FA-4FEF-A3B9-4343DB5A0C63}.Release|Win32.ActiveCfg = Release|Win32
		{6391E709-D9FA-4FEF-A3B9-4343DB5A0C63}.Release|Win32.Build.0 = Release|Win32
		{6391E709-D9FA-4FEF-A3B9-4343DB5A0C63}.Release|x64.ActiveCfg = Release|x64
		{6391E709-D9FA-4FEF-A3B9-4343DB5A0C63}.Release|x64.Build.0 = Release|x64
		{6391E709-D9FA-4FEF-A3B9-4343DB5A0C63}.Release|x86.ActiveCfg = Release|Win32
		{6391E709-D9FA-4FEF-A3B9-4343DB5A0C63}.Release|x86.Build.0 = Release|Win32
		{6391E709-D9FA-4FEF-A3B9-4343DB5A0C63}.RelWithDebInfo|Any CPU.ActiveCfg = Release|Win32
		{6391E709-D9FA-4FEF-A3B9-4343DB5A0C63}.RelWithDebInfo|Mixed Platforms.ActiveCfg = Release|Win32
		{6391E709-D9FA-4FEF-A3B9-4343DB5A0C63}.RelWithDebInfo|Mixed Platforms.Build.0 = Release|Win32
		{6391E709-D9FA-4FEF-A3B9-4343DB5A0C63}.RelWithDebInfo|Win32.ActiveCfg = Release|Win32
		{6391E709-D9FA-4FEF-A3B9-4343DB5A0C63}.RelWithDebInfo|Win32.Build.0 = Release|Win32
		{6391E709-D9FA-4FEF-A3B9-4343DB5A0C63}.RelWithDebInfo|x64.ActiveCfg = Release|x64
		{6391E709-D9FA-4FEF-A3B9-4343DB5A0C63}.RelWithDebInfo|x64.Build.0 = Release|x64
		{6391E709-D9FA-4FEF-A3B9-4343DB5A0C63}.RelWithDebInfo|x86.ActiveCfg = Release|Win32
		{6391E709-D9FA-4FEF-A3B9-4343DB5A0C63}.RelWithDebInfo|x86.Build.0 = Release|Win32
		{67D0FB00-FF1F-4DE4-84BD-664AE93D25EE}.Debug|Any CPU.ActiveCfg = Debug|Win32
		{67D0FB00-FF1F-4DE4-84BD-664AE93D25EE}.Debug|Mixed Platforms.ActiveCfg = Debug|Win32
		{67D0FB00-FF1F-4DE4-84BD-664AE93D25EE}.Debug|Mixed Platforms.Build.0 = Debug|Win32
		{67D0FB00-FF1F-4DE4-84BD-664AE93D25EE}.Debug|Win32.ActiveCfg = Debug|Win32
		{67D0FB00-FF1F-4DE4-84BD-664AE93D25EE}.Debug|Win32.Build.0 = Debug|Win32
		{67D0FB00-FF1F-4DE4-84BD-664AE93D25EE}.Debug|x64.ActiveCfg = Debug|x64
		{67D0FB00-FF1F-4DE4-84BD-664AE93D25EE}.Debug|x64.Build.0 = Debug|x64
		{67D0FB00-FF1F-4DE4-84BD-664AE93D25EE}.Debug|x86.ActiveCfg = Debug|Win32
		{67D0FB00-FF1F-4DE4-84BD-664AE93D25EE}.Debug|x86.Build.0 = Debug|Win32
		{67D0FB00-FF1F-4DE4-84BD-664AE93D25EE}.MinSizeRel|Any CPU.ActiveCfg = Release|Win32
		{67D0FB00-FF1F-4DE4-84BD-664AE93D25EE}.MinSizeRel|Mixed Platforms.ActiveCfg = Release|Win32
		{67D0FB00-FF1F-4DE4-84BD-664AE93D25EE}.MinSizeRel|Mixed Platforms.Build.0 = Release|Win32
		{67D0FB00-FF1F-4DE4-84BD-664AE93D25EE}.MinSizeRel|Win32.ActiveCfg = Release|Win32
		{67D0FB00-FF1F-4DE4-84BD-664AE93D25EE}.MinSizeRel|Win32.Build.0 = Release|Win32
		{67D0FB00-FF1F-4DE4-84BD-664AE93D25EE}.MinSizeRel|x64.ActiveCfg = Release|x64
		{67D0FB00-FF1F-4DE4-84BD-664AE93D25EE}.MinSizeRel|x64.Build.0 = Release|x64
		{67D0FB00-FF1F-4DE4-84BD-664AE93D25EE}.MinSizeRel|x86.ActiveCfg = Release|Win32
		{67D0FB00-FF1F-4DE4-84BD-664AE93D25EE}.MinSizeRel|x86.Build.0 = Release|Win32
		{67D0FB00-FF1F-4DE4-84BD-664AE93D25EE}.Release|Any CPU.ActiveCfg = Release|Win32
		{67D0FB00-FF1F-4DE4-84BD-664AE93D25EE}.Release|Mixed Platforms.ActiveCfg = Release|Win32
		{67D0FB00-FF1F-4DE4-84BD-664AE93D25EE}.Release|Mixed Platforms.Build.0 = Release|Win32
		{67D0FB00-FF1F-4DE4-84BD-664AE93D25EE}.Release|Win32.ActiveCfg = Release|Win32
		{67D0FB00-FF1F-4DE4-84BD-664AE93D25EE}.Release|Win32.Build.0 = Release|Win32
		{67D0FB00-FF1F-4DE4-84BD-664AE93D25EE}.Release|x64.ActiveCfg = Release|x64
		{67D0FB00-FF1F-4DE4-84BD-664AE93D25EE}.Release|x64.Build.0 = Release|x64
		{67D0FB00-FF1F-4DE4-84BD-664AE93D25EE}.Release|x86.ActiveCfg = Release|Win32
		{67D0FB00-FF1F-4DE4-84BD-664AE93D25EE}.Release|x86.Build.0 = Release|Win32
		{67D0FB00-FF1F-4DE4-84BD-664AE93D25EE}.RelWithDebInfo|Any CPU.ActiveCfg = Release|Win32
		{67D0FB00-FF1F-4DE4-84BD-664AE93D25EE}.RelWithDebInfo|Mixed Platforms.ActiveCfg = Release|Win32
		{67D0FB00-FF1F-4DE4-84BD-664AE93D25EE}.RelWithDebInfo|Mixed Platforms.Build.0 = Release|Win32
		{67D0FB00-FF1F-4DE4-84BD-664AE93D25EE}.RelWithDebInfo|Win32.ActiveCfg = Release|Win32
		{67D0FB00-FF1F-4DE4-84BD-664AE93D25EE}.RelWithDebInfo|Win32.Build.0 = Release|Win32
		{67D0FB00-FF1F-4DE4-84BD-664AE93D25EE}.RelWithDebInfo|x64.ActiveCfg = Release|x64
		{67D0FB00-FF1F-4DE4-84BD-664AE93D25EE}.RelWithDebInfo|x64.Build.0 = Release|x64
		{67D0FB00-FF1F-4DE4-84BD-664AE93D25EE}.RelWithDebInfo|x86.ActiveCfg = Release|Win32
		{67D0FB00-FF1F-4DE4-84BD-664AE93D25EE}.RelWithDebInfo|x86.Build.0 = Release|Win32
		{8374C907-2AD1-4F0A-9B5F-318A24DC0814}.Debug|Any CPU.ActiveCfg = Debug|x86
		{8374C907-2AD1-4F0A-9B5F-318A24DC0814}.Debug|Mixed Platforms.ActiveCfg = Debug|x86
		{8374C907-2AD1-4F0A-9B5F-318A24DC0814}.Debug|Mixed Platforms.Build.0 = Debug|x86
		{8374C907-2AD1-4F0A-9B5F-318A24DC0814}.Debug|Win32.ActiveCfg = Debug|x86
		{8374C907-2AD1-4F0A-9B5F-318A24DC0814}.Debug|Win32.Build.0 = Debug|x86
		{8374C907-2AD1-4F0A-9B5F-318A24DC0814}.Debug|x64.ActiveCfg = Debug|x86
		{8374C907-2AD1-4F0A-9B5F-318A24DC0814}.Debug|x86.ActiveCfg = Debug|x86
		{8374C907-2AD1-4F0A-9B5F-318A24DC0814}.Debug|x86.Build.0 = Debug|x86
		{8374C907-2AD1-4F0A-9B5F-318A24DC0814}.MinSizeRel|Any CPU.ActiveCfg = Release|x86
		{8374C907-2AD1-4F0A-9B5F-318A24DC0814}.MinSizeRel|Mixed Platforms.ActiveCfg = Release|x86
		{8374C907-2AD1-4F0A-9B5F-318A24DC0814}.MinSizeRel|Mixed Platforms.Build.0 = Release|x86
		{8374C907-2AD1-4F0A-9B5F-318A24DC0814}.MinSizeRel|Win32.ActiveCfg = Release|x86
		{8374C907-2AD1-4F0A-9B5F-318A24DC0814}.MinSizeRel|Win32.Build.0 = Release|x86
		{8374C907-2AD1-4F0A-9B5F-318A24DC0814}.MinSizeRel|x64.ActiveCfg = Release|x86
		{8374C907-2AD1-4F0A-9B5F-318A24DC0814}.MinSizeRel|x86.ActiveCfg = Release|x86
		{8374C907-2AD1-4F0A-9B5F-318A24DC0814}.MinSizeRel|x86.Build.0 = Release|x86
		{8374C907-2AD1-4F0A-9B5F-318A24DC0814}.Release|Any CPU.ActiveCfg = Release|x86
		{8374C907-2AD1-4F0A-9B5F-318A24DC0814}.Release|Mixed Platforms.ActiveCfg = Release|x86
		{8374C907-2AD1-4F0A-9B5F-318A24DC0814}.Release|Mixed Platforms.Build.0 = Release|x86
		{8374C907-2AD1-4F0A-9B5F-318A24DC0814}.Release|Win32.ActiveCfg = Release|x86
		{8374C907-2AD1-4F0A-9B5F-318A24DC0814}.Release|Win32.Build.0 = Release|x86
		{8374C907-2AD1-4F0A-9B5F-318A24DC0814}.Release|x64.ActiveCfg = Release|x86
		{8374C907-2AD1-4F0A-9B5F-318A24DC0814}.Release|x86.ActiveCfg = Release|x86
		{8374C907-2AD1-4F0A-9B5F-318A24DC0814}.Release|x86.Build.0 = Release|x86
		{8374C907-2AD1-4F0A-9B5F-318A24DC0814}.RelWithDebInfo|Any CPU.ActiveCfg = Release|x86
		{8374C907-2AD1-4F0A-9B5F-318A24DC0814}.RelWithDebInfo|Mixed Platforms.ActiveCfg = Release|x86
		{8374C907-2AD1-4F0A-9B5F-318A24DC0814}.RelWithDebInfo|Mixed Platforms.Build.0 = Release|x86
		{8374C907-2AD1-4F0A-9B5F-318A24DC0814}.RelWithDebInfo|Win32.ActiveCfg = Release|x86
		{8374C907-2AD1-4F0A-9B5F-318A24DC0814}.RelWithDebInfo|Win32.Build.0 = Release|x86
		{8374C907-2AD1-4F0A-9B5F-318A24DC0814}.RelWithDebInfo|x64.ActiveCfg = Release|x86
		{8374C907-2AD1-4F0A-9B5F-318A24DC0814}.RelWithDebInfo|x86.ActiveCfg = Release|x86
		{8374C907-2AD1-4F0A-9B5F-318A24DC0814}.RelWithDebInfo|x86.Build.0 = Release|x86
	EndGlobalSection
	GlobalSection(SolutionProperties) = preSolution
		HideSolutionNode = FALSE
	EndGlobalSection
	GlobalSection(NestedProjects) = preSolution
		{C5AA09D0-6594-4CD3-BD92-1D380C7B3B50} = {C27B926E-B3EF-4990-8822-47580E43A0BE}
		{460D625F-2AC9-4559-B809-0BA89CEAEDF4} = {C27B926E-B3EF-4990-8822-47580E43A0BE}
		{B1195BB9-B3A5-47F0-906C-8DEA384D1520} = {20720CA7-795C-45AD-A302-9383A6DD503A}
		{DA2AA800-ED64-4649-8B3B-E7F1E3968B78} = {20720CA7-795C-45AD-A302-9383A6DD503A}
		{143BD516-20A1-4890-A3E4-F8BFD02220E7} = {20720CA7-795C-45AD-A302-9383A6DD503A}
		{C83A6FAD-E71F-4B1E-9D63-E93E61DDC012} = {20720CA7-795C-45AD-A302-9383A6DD503A}
		{8690FDDF-C5B7-4C42-A337-BD5243F29B85} = {20720CA7-795C-45AD-A302-9383A6DD503A}
		{2A1BC987-AF42-4500-802D-89CD32FC1309} = {20720CA7-795C-45AD-A302-9383A6DD503A}
		{C4C76A8D-44C5-4452-9F61-39C7E01CBDB4} = {F156EEBC-0195-4020-8700-4433208DE12B}
		{3EA5F14D-2A71-4588-A69D-87C4571C580F} = {F156EEBC-0195-4020-8700-4433208DE12B}
		{7E3990D2-3D94-465C-B58D-64A74B3ECF9B} = {1322B12B-5E37-448A-AAAF-F637460DCB23}
		{F10CBC03-9809-4CBA-95D8-327C287B18EE} = {1322B12B-5E37-448A-AAAF-F637460DCB23}
		{35AEA3C0-E0A7-4E1E-88CD-514AA5A442B1} = {1322B12B-5E37-448A-AAAF-F637460DCB23}
		{2EC4DDED-8F75-4C86-A10B-E1E8EB29F3EE} = {1322B12B-5E37-448A-AAAF-F637460DCB23}
		{604A12A7-07BF-4482-BDF3-7101C811F121} = {C83A6FAD-E71F-4B1E-9D63-E93E61DDC012}
		{C8CBA520-5D7D-4D61-A8DA-6E05FD132BCB} = {C83A6FAD-E71F-4B1E-9D63-E93E61DDC012}
		{67D0FB00-FF1F-4DE4-84BD-664AE93D25EE} = {C83A6FAD-E71F-4B1E-9D63-E93E61DDC012}
	EndGlobalSection
EndGlobal
