Microsoft Visual Studio Solution File, Format Version 12.00
# Visual Studio 2012
Project("{8BC9CEB8-8B4A-11D0-8D11-00A0C91BC942}") = "ALL_BUILD", "ALL_BUILD.vcxproj", "{14E546AD-2393-41B9-BAA2-134241286A4E}"
	ProjectSection(ProjectDependencies) = postProject
		{C933A737-D7BA-4136-95AF-D12310BD6BA8} = {C933A737-D7BA-4136-95AF-D12310BD6BA8}
		{74EDC06C-85E5-47BC-B42D-F55CE6E9928B} = {74EDC06C-85E5-47BC-B42D-F55CE6E9928B}
		{83B388D3-BE71-476A-AA6A-CC7082E3866D} = {83B388D3-BE71-476A-AA6A-CC7082E3866D}
		{14DC504E-697F-4178-8E05-87173957FE59} = {14DC504E-697F-4178-8E05-87173957FE59}
		{2CF89262-94E6-4A9F-A29A-1BE6D73DDA85} = {2CF89262-94E6-4A9F-A29A-1BE6D73DDA85}
		{80FC7669-D649-4212-8B6F-C0167CE9CB59} = {80FC7669-D649-4212-8B6F-C0167CE9CB59}
		{D4985405-3286-4026-BD61-E9E53DC5027E} = {D4985405-3286-4026-BD61-E9E53DC5027E}
		{FA9E3157-5228-4CA4-8327-BD0AF11BD390} = {FA9E3157-5228-4CA4-8327-BD0AF11BD390}
		{53399ED8-C4B0-4F84-9CA8-623049125822} = {53399ED8-C4B0-4F84-9CA8-623049125822}
	EndProjectSection
EndProject
Project("{8BC9CEB8-8B4A-11D0-8D11-00A0C91BC942}") = "BulletCollision", "src\BulletCollision\BulletCollision.vcxproj", "{C933A737-D7BA-4136-95AF-D12310BD6BA8}"
	ProjectSection(ProjectDependencies) = postProject
		{53399ED8-C4B0-4F84-9CA8-623049125822} = {53399ED8-C4B0-4F84-9CA8-623049125822}
	EndProjectSection
EndProject
Project("{8BC9CEB8-8B4A-11D0-8D11-00A0C91BC942}") = "BulletDynamics", "src\BulletDynamics\BulletDynamics.vcxproj", "{74EDC06C-85E5-47BC-B42D-F55CE6E9928B}"
	ProjectSection(ProjectDependencies) = postProject
		{53399ED8-C4B0-4F84-9CA8-623049125822} = {53399ED8-C4B0-4F84-9CA8-623049125822}
	EndProjectSection
EndProject
Project("{8BC9CEB8-8B4A-11D0-8D11-00A0C91BC942}") = "BulletMultiThreaded", "src\BulletMultiThreaded\BulletMultiThreaded.vcxproj", "{83B388D3-BE71-476A-AA6A-CC7082E3866D}"
	ProjectSection(ProjectDependencies) = postProject
		{53399ED8-C4B0-4F84-9CA8-623049125822} = {53399ED8-C4B0-4F84-9CA8-623049125822}
	EndProjectSection
EndProject
Project("{8BC9CEB8-8B4A-11D0-8D11-00A0C91BC942}") = "BulletSoftBody", "src\BulletSoftBody\BulletSoftBody.vcxproj", "{14DC504E-697F-4178-8E05-87173957FE59}"
	ProjectSection(ProjectDependencies) = postProject
		{53399ED8-C4B0-4F84-9CA8-623049125822} = {53399ED8-C4B0-4F84-9CA8-623049125822}
	EndProjectSection
EndProject
Project("{8BC9CEB8-8B4A-11D0-8D11-00A0C91BC942}") = "BulletSoftBodySolvers_DX11", "src\BulletMultiThreaded\GpuSoftBodySolvers\DX11\BulletSoftBodySolvers_DX11.vcxproj", "{2CF89262-94E6-4A9F-A29A-1BE6D73DDA85}"
	ProjectSection(ProjectDependencies) = postProject
		{53399ED8-C4B0-4F84-9CA8-623049125822} = {53399ED8-C4B0-4F84-9CA8-623049125822}
	EndProjectSection
EndProject
Project("{8BC9CEB8-8B4A-11D0-8D11-00A0C91BC942}") = "BulletSoftBodySolvers_OpenCL_Mini", "src\BulletMultiThreaded\GpuSoftBodySolvers\OpenCL\MiniCL\BulletSoftBodySolvers_OpenCL_Mini.vcxproj", "{80FC7669-D649-4212-8B6F-C0167CE9CB59}"
	ProjectSection(ProjectDependencies) = postProject
		{53399ED8-C4B0-4F84-9CA8-623049125822} = {53399ED8-C4B0-4F84-9CA8-623049125822}
	EndProjectSection
EndProject
Project("{8BC9CEB8-8B4A-11D0-8D11-00A0C91BC942}") = "INSTALL", "INSTALL.vcxproj", "{71641E56-5E9E-462B-844F-A9F8A6D82120}"
	ProjectSection(ProjectDependencies) = postProject
		{14E546AD-2393-41B9-BAA2-134241286A4E} = {14E546AD-2393-41B9-BAA2-134241286A4E}
	EndProjectSection
EndProject
Project("{8BC9CEB8-8B4A-11D0-8D11-00A0C91BC942}") = "LinearMath", "src\LinearMath\LinearMath.vcxproj", "{D4985405-3286-4026-BD61-E9E53DC5027E}"
	ProjectSection(ProjectDependencies) = postProject
		{53399ED8-C4B0-4F84-9CA8-623049125822} = {53399ED8-C4B0-4F84-9CA8-623049125822}
	EndProjectSection
EndProject
Project("{8BC9CEB8-8B4A-11D0-8D11-00A0C91BC942}") = "MiniCL", "src\MiniCL\MiniCL.vcxproj", "{FA9E3157-5228-4CA4-8327-BD0AF11BD390}"
	ProjectSection(ProjectDependencies) = postProject
		{53399ED8-C4B0-4F84-9CA8-623049125822} = {53399ED8-C4B0-4F84-9CA8-623049125822}
	EndProjectSection
EndProject
Project("{8BC9CEB8-8B4A-11D0-8D11-00A0C91BC942}") = "ZERO_CHECK", "ZERO_CHECK.vcxproj", "{53399ED8-C4B0-4F84-9CA8-623049125822}"
	ProjectSection(ProjectDependencies) = postProject
	EndProjectSection
EndProject
Global
	GlobalSection(SolutionConfigurationPlatforms) = preSolution
		Debug|Win32 = Debug|Win32
		Release|Win32 = Release|Win32
		MinSizeRel|Win32 = MinSizeRel|Win32
		RelWithDebInfo|Win32 = RelWithDebInfo|Win32
	EndGlobalSection
	GlobalSection(ProjectConfigurationPlatforms) = postSolution
		{14E546AD-2393-41B9-BAA2-134241286A4E}.Debug|Win32.ActiveCfg = Debug|Win32
		{14E546AD-2393-41B9-BAA2-134241286A4E}.Debug|Win32.Build.0 = Debug|Win32
		{14E546AD-2393-41B9-BAA2-134241286A4E}.Release|Win32.ActiveCfg = Release|Win32
		{14E546AD-2393-41B9-BAA2-134241286A4E}.Release|Win32.Build.0 = Release|Win32
		{14E546AD-2393-41B9-BAA2-134241286A4E}.MinSizeRel|Win32.ActiveCfg = MinSizeRel|Win32
		{14E546AD-2393-41B9-BAA2-134241286A4E}.MinSizeRel|Win32.Build.0 = MinSizeRel|Win32
		{14E546AD-2393-41B9-BAA2-134241286A4E}.RelWithDebInfo|Win32.ActiveCfg = RelWithDebInfo|Win32
		{14E546AD-2393-41B9-BAA2-134241286A4E}.RelWithDebInfo|Win32.Build.0 = RelWithDebInfo|Win32
		{C933A737-D7BA-4136-95AF-D12310BD6BA8}.Debug|Win32.ActiveCfg = Debug|Win32
		{C933A737-D7BA-4136-95AF-D12310BD6BA8}.Debug|Win32.Build.0 = Debug|Win32
		{C933A737-D7BA-4136-95AF-D12310BD6BA8}.Release|Win32.ActiveCfg = Release|Win32
		{C933A737-D7BA-4136-95AF-D12310BD6BA8}.Release|Win32.Build.0 = Release|Win32
		{C933A737-D7BA-4136-95AF-D12310BD6BA8}.MinSizeRel|Win32.ActiveCfg = MinSizeRel|Win32
		{C933A737-D7BA-4136-95AF-D12310BD6BA8}.MinSizeRel|Win32.Build.0 = MinSizeRel|Win32
		{C933A737-D7BA-4136-95AF-D12310BD6BA8}.RelWithDebInfo|Win32.ActiveCfg = RelWithDebInfo|Win32
		{C933A737-D7BA-4136-95AF-D12310BD6BA8}.RelWithDebInfo|Win32.Build.0 = RelWithDebInfo|Win32
		{74EDC06C-85E5-47BC-B42D-F55CE6E9928B}.Debug|Win32.ActiveCfg = Debug|Win32
		{74EDC06C-85E5-47BC-B42D-F55CE6E9928B}.Debug|Win32.Build.0 = Debug|Win32
		{74EDC06C-85E5-47BC-B42D-F55CE6E9928B}.Release|Win32.ActiveCfg = Release|Win32
		{74EDC06C-85E5-47BC-B42D-F55CE6E9928B}.Release|Win32.Build.0 = Release|Win32
		{74EDC06C-85E5-47BC-B42D-F55CE6E9928B}.MinSizeRel|Win32.ActiveCfg = MinSizeRel|Win32
		{74EDC06C-85E5-47BC-B42D-F55CE6E9928B}.MinSizeRel|Win32.Build.0 = MinSizeRel|Win32
		{74EDC06C-85E5-47BC-B42D-F55CE6E9928B}.RelWithDebInfo|Win32.ActiveCfg = RelWithDebInfo|Win32
		{74EDC06C-85E5-47BC-B42D-F55CE6E9928B}.RelWithDebInfo|Win32.Build.0 = RelWithDebInfo|Win32
		{83B388D3-BE71-476A-AA6A-CC7082E3866D}.Debug|Win32.ActiveCfg = Debug|Win32
		{83B388D3-BE71-476A-AA6A-CC7082E3866D}.Debug|Win32.Build.0 = Debug|Win32
		{83B388D3-BE71-476A-AA6A-CC7082E3866D}.Release|Win32.ActiveCfg = Release|Win32
		{83B388D3-BE71-476A-AA6A-CC7082E3866D}.Release|Win32.Build.0 = Release|Win32
		{83B388D3-BE71-476A-AA6A-CC7082E3866D}.MinSizeRel|Win32.ActiveCfg = MinSizeRel|Win32
		{83B388D3-BE71-476A-AA6A-CC7082E3866D}.MinSizeRel|Win32.Build.0 = MinSizeRel|Win32
		{83B388D3-BE71-476A-AA6A-CC7082E3866D}.RelWithDebInfo|Win32.ActiveCfg = RelWithDebInfo|Win32
		{83B388D3-BE71-476A-AA6A-CC7082E3866D}.RelWithDebInfo|Win32.Build.0 = RelWithDebInfo|Win32
		{14DC504E-697F-4178-8E05-87173957FE59}.Debug|Win32.ActiveCfg = Debug|Win32
		{14DC504E-697F-4178-8E05-87173957FE59}.Debug|Win32.Build.0 = Debug|Win32
		{14DC504E-697F-4178-8E05-87173957FE59}.Release|Win32.ActiveCfg = Release|Win32
		{14DC504E-697F-4178-8E05-87173957FE59}.Release|Win32.Build.0 = Release|Win32
		{14DC504E-697F-4178-8E05-87173957FE59}.MinSizeRel|Win32.ActiveCfg = MinSizeRel|Win32
		{14DC504E-697F-4178-8E05-87173957FE59}.MinSizeRel|Win32.Build.0 = MinSizeRel|Win32
		{14DC504E-697F-4178-8E05-87173957FE59}.RelWithDebInfo|Win32.ActiveCfg = RelWithDebInfo|Win32
		{14DC504E-697F-4178-8E05-87173957FE59}.RelWithDebInfo|Win32.Build.0 = RelWithDebInfo|Win32
		{2CF89262-94E6-4A9F-A29A-1BE6D73DDA85}.Debug|Win32.ActiveCfg = Debug|Win32
		{2CF89262-94E6-4A9F-A29A-1BE6D73DDA85}.Debug|Win32.Build.0 = Debug|Win32
		{2CF89262-94E6-4A9F-A29A-1BE6D73DDA85}.Release|Win32.ActiveCfg = Release|Win32
		{2CF89262-94E6-4A9F-A29A-1BE6D73DDA85}.Release|Win32.Build.0 = Release|Win32
		{2CF89262-94E6-4A9F-A29A-1BE6D73DDA85}.MinSizeRel|Win32.ActiveCfg = MinSizeRel|Win32
		{2CF89262-94E6-4A9F-A29A-1BE6D73DDA85}.MinSizeRel|Win32.Build.0 = MinSizeRel|Win32
		{2CF89262-94E6-4A9F-A29A-1BE6D73DDA85}.RelWithDebInfo|Win32.ActiveCfg = RelWithDebInfo|Win32
		{2CF89262-94E6-4A9F-A29A-1BE6D73DDA85}.RelWithDebInfo|Win32.Build.0 = RelWithDebInfo|Win32
		{80FC7669-D649-4212-8B6F-C0167CE9CB59}.Debug|Win32.ActiveCfg = Debug|Win32
		{80FC7669-D649-4212-8B6F-C0167CE9CB59}.Debug|Win32.Build.0 = Debug|Win32
		{80FC7669-D649-4212-8B6F-C0167CE9CB59}.Release|Win32.ActiveCfg = Release|Win32
		{80FC7669-D649-4212-8B6F-C0167CE9CB59}.Release|Win32.Build.0 = Release|Win32
		{80FC7669-D649-4212-8B6F-C0167CE9CB59}.MinSizeRel|Win32.ActiveCfg = MinSizeRel|Win32
		{80FC7669-D649-4212-8B6F-C0167CE9CB59}.MinSizeRel|Win32.Build.0 = MinSizeRel|Win32
		{80FC7669-D649-4212-8B6F-C0167CE9CB59}.RelWithDebInfo|Win32.ActiveCfg = RelWithDebInfo|Win32
		{80FC7669-D649-4212-8B6F-C0167CE9CB59}.RelWithDebInfo|Win32.Build.0 = RelWithDebInfo|Win32
		{71641E56-5E9E-462B-844F-A9F8A6D82120}.Debug|Win32.ActiveCfg = Debug|Win32
		{71641E56-5E9E-462B-844F-A9F8A6D82120}.Release|Win32.ActiveCfg = Release|Win32
		{71641E56-5E9E-462B-844F-A9F8A6D82120}.MinSizeRel|Win32.ActiveCfg = MinSizeRel|Win32
		{71641E56-5E9E-462B-844F-A9F8A6D82120}.RelWithDebInfo|Win32.ActiveCfg = RelWithDebInfo|Win32
		{D4985405-3286-4026-BD61-E9E53DC5027E}.Debug|Win32.ActiveCfg = Debug|Win32
		{D4985405-3286-4026-BD61-E9E53DC5027E}.Debug|Win32.Build.0 = Debug|Win32
		{D4985405-3286-4026-BD61-E9E53DC5027E}.Release|Win32.ActiveCfg = Release|Win32
		{D4985405-3286-4026-BD61-E9E53DC5027E}.Release|Win32.Build.0 = Release|Win32
		{D4985405-3286-4026-BD61-E9E53DC5027E}.MinSizeRel|Win32.ActiveCfg = MinSizeRel|Win32
		{D4985405-3286-4026-BD61-E9E53DC5027E}.MinSizeRel|Win32.Build.0 = MinSizeRel|Win32
		{D4985405-3286-4026-BD61-E9E53DC5027E}.RelWithDebInfo|Win32.ActiveCfg = RelWithDebInfo|Win32
		{D4985405-3286-4026-BD61-E9E53DC5027E}.RelWithDebInfo|Win32.Build.0 = RelWithDebInfo|Win32
		{FA9E3157-5228-4CA4-8327-BD0AF11BD390}.Debug|Win32.ActiveCfg = Debug|Win32
		{FA9E3157-5228-4CA4-8327-BD0AF11BD390}.Debug|Win32.Build.0 = Debug|Win32
		{FA9E3157-5228-4CA4-8327-BD0AF11BD390}.Release|Win32.ActiveCfg = Release|Win32
		{FA9E3157-5228-4CA4-8327-BD0AF11BD390}.Release|Win32.Build.0 = Release|Win32
		{FA9E3157-5228-4CA4-8327-BD0AF11BD390}.MinSizeRel|Win32.ActiveCfg = MinSizeRel|Win32
		{FA9E3157-5228-4CA4-8327-BD0AF11BD390}.MinSizeRel|Win32.Build.0 = MinSizeRel|Win32
		{FA9E3157-5228-4CA4-8327-BD0AF11BD390}.RelWithDebInfo|Win32.ActiveCfg = RelWithDebInfo|Win32
		{FA9E3157-5228-4CA4-8327-BD0AF11BD390}.RelWithDebInfo|Win32.Build.0 = RelWithDebInfo|Win32
		{53399ED8-C4B0-4F84-9CA8-623049125822}.Debug|Win32.ActiveCfg = Debug|Win32
		{53399ED8-C4B0-4F84-9CA8-623049125822}.Debug|Win32.Build.0 = Debug|Win32
		{53399ED8-C4B0-4F84-9CA8-623049125822}.Release|Win32.ActiveCfg = Release|Win32
		{53399ED8-C4B0-4F84-9CA8-623049125822}.Release|Win32.Build.0 = Release|Win32
		{53399ED8-C4B0-4F84-9CA8-623049125822}.MinSizeRel|Win32.ActiveCfg = MinSizeRel|Win32
		{53399ED8-C4B0-4F84-9CA8-623049125822}.MinSizeRel|Win32.Build.0 = MinSizeRel|Win32
		{53399ED8-C4B0-4F84-9CA8-623049125822}.RelWithDebInfo|Win32.ActiveCfg = RelWithDebInfo|Win32
		{53399ED8-C4B0-4F84-9CA8-623049125822}.RelWithDebInfo|Win32.Build.0 = RelWithDebInfo|Win32
	EndGlobalSection
	GlobalSection(ExtensibilityGlobals) = postSolution
	EndGlobalSection
	GlobalSection(ExtensibilityAddIns) = postSolution
	EndGlobalSection
EndGlobal
