<?xml version="1.0" encoding="utf-8"?>
<Project ToolsVersion="4.0" xmlns="http://schemas.microsoft.com/developer/msbuild/2003">
  <ItemGroup>
    <Filter Include="Source Files">
      <UniqueIdentifier>{4FC737F1-C7A5-4376-A066-2A32D752A2FF}</UniqueIdentifier>
      <Extensions>cpp;c;cc;cxx;def;odl;idl;hpj;bat;asm;asmx</Extensions>
    </Filter>
    <Filter Include="Header Files">
      <UniqueIdentifier>{93995380-89BD-4b04-88EB-625FBE52EBFB}</UniqueIdentifier>
      <Extensions>h;hpp;hxx;hm;inl;inc;xsd</Extensions>
    </Filter>
    <Filter Include="Resource Files">
      <UniqueIdentifier>{67DA6AB6-F800-4c08-8B7A-83BB121AAD01}</UniqueIdentifier>
      <Extensions>rc;ico;cur;bmp;dlg;rc2;rct;bin;rgs;gif;jpg;jpeg;jpe;resx;tiff;tif;png;wav;mfcribbon-ms</Extensions>
    </Filter>
    <Filter Include="Header Files\Collision">
      <UniqueIdentifier>{810a1ae3-6c3b-430a-8ebb-4fc4a4478717}</UniqueIdentifier>
    </Filter>
    <Filter Include="Source Files\Collision">
      <UniqueIdentifier>{512d69ae-c260-4a23-b1ee-cbfbd19620a6}</UniqueIdentifier>
    </Filter>
    <Filter Include="Header Files\Physics">
      <UniqueIdentifier>{67d78b73-6ad3-439e-bfba-817f0268b958}</UniqueIdentifier>
    </Filter>
    <Filter Include="Source Files\Physics">
      <UniqueIdentifier>{86be9383-5659-4e32-bf71-ec25a5f1c5ac}</UniqueIdentifier>
    </Filter>
  </ItemGroup>
  <ItemGroup>
    <ClCompile Include="Collision\Box.cpp">
      <Filter>Source Files\Collision</Filter>
    </ClCompile>
    <ClCompile Include="Collision\BoxAxisAligned.cpp">
      <Filter>Source Files\Collision</Filter>
    </ClCompile>
    <ClCompile Include="Collision\Collision.cpp">
      <Filter>Source Files\Collision</Filter>
    </ClCompile>
    <ClCompile Include="Collision\Frustrum.cpp">
      <Filter>Source Files\Collision</Filter>
    </ClCompile>
    <ClCompile Include="Collision\Line.cpp">
      <Filter>Source Files\Collision</Filter>
    </ClCompile>
    <ClCompile Include="Collision\Plane.cpp">
      <Filter>Source Files\Collision</Filter>
    </ClCompile>
    <ClCompile Include="Collision\Point.cpp">
      <Filter>Source Files\Collision</Filter>
    </ClCompile>
    <ClCompile Include="Collision\Ray.cpp">
      <Filter>Source Files\Collision</Filter>
    </ClCompile>
    <ClCompile Include="Collision\Sphere.cpp">
      <Filter>Source Files\Collision</Filter>
    </ClCompile>
  </ItemGroup>
  <ItemGroup>
    <ClInclude Include="Collision\Box.h">
      <Filter>Header Files\Collision</Filter>
    </ClInclude>
    <ClInclude Include="Collision\BoxAxisAligned.h">
      <Filter>Header Files\Collision</Filter>
    </ClInclude>
    <ClInclude Include="Collision\Collision.h">
      <Filter>Header Files\Collision</Filter>
    </ClInclude>
    <ClInclude Include="Collision\Frustrum.h">
      <Filter>Header Files\Collision</Filter>
    </ClInclude>
    <ClInclude Include="Collision\ICollideable.h">
      <Filter>Header Files\Collision</Filter>
    </ClInclude>
    <ClInclude Include="Collision\Line.h">
      <Filter>Header Files\Collision</Filter>
    </ClInclude>
    <ClInclude Include="Collision\OysterCollision.h">
      <Filter>Header Files\Collision</Filter>
    </ClInclude>
    <ClInclude Include="Collision\Plane.h">
      <Filter>Header Files\Collision</Filter>
    </ClInclude>
    <ClInclude Include="Collision\Point.h">
      <Filter>Header Files\Collision</Filter>
    </ClInclude>
    <ClInclude Include="Collision\Ray.h">
      <Filter>Header Files\Collision</Filter>
    </ClInclude>
    <ClInclude Include="Collision\Sphere.h">
      <Filter>Header Files\Collision</Filter>
    </ClInclude>
  </ItemGroup>
</Project>